{
  "originHash" : "96be89965051676c2dab530a89edecd28e253231e4d6a68246c462d2d8543dec",
  "pins" : [
    {
      "identity" : "swash",
      "kind" : "remoteSourceControl",
      "location" : "https://github.com/johnrnyquist/Swash",
      "state" : {
        "branch" : "main",
        "revision" : "423c09d98d3a692dabb9e08c7d418b9603baca0f"
      }
    }
  ],
  "version" : 3
}
