// !$*UTF8*$!
{
	archiveVersion = 1;
	classes = {
	};
	objectVersion = 56;
	objects = {

/* Begin PBXBuildFile section */
		8D23C1362B02C4CA00F7D878 /* AppDelegate.swift in Sources */ = {isa = PBXBuildFile; fileRef = 8D23C1352B02C4CA00F7D878 /* AppDelegate.swift */; };
		8D23C13C2B02C4CA00F7D878 /* GameScene.swift in Sources */ = {isa = PBXBuildFile; fileRef = 8D23C13B2B02C4CA00F7D878 /* GameScene.swift */; };
		8D23C13E2B02C4CA00F7D878 /* GameViewController.swift in Sources */ = {isa = PBXBuildFile; fileRef = 8D23C13D2B02C4CA00F7D878 /* GameViewController.swift */; };
		8D23C1432B02C4CC00F7D878 /* SwashteroidsAssets.xcassets in Resources */ = {isa = PBXBuildFile; fileRef = 8D23C1422B02C4CC00F7D878 /* SwashteroidsAssets.xcassets */; };
		8D23C1462B02C4CC00F7D878 /* LaunchScreen.storyboard in Resources */ = {isa = PBXBuildFile; fileRef = 8D23C1442B02C4CC00F7D878 /* LaunchScreen.storyboard */; };
		8D23C14E2B02C4E800F7D878 /* Swash in Frameworks */ = {isa = PBXBuildFile; productRef = 8D23C14D2B02C4E800F7D878 /* Swash */; };
		8D23C19D2B02C59D00F7D878 /* Swashteroids.swift in Sources */ = {isa = PBXBuildFile; fileRef = 8D23C14F2B02C59B00F7D878 /* Swashteroids.swift */; };
		8D23C19E2B02C59D00F7D878 /* Enums.swift in Sources */ = {isa = PBXBuildFile; fileRef = 8D23C1502B02C59B00F7D878 /* Enums.swift */; };
		8D23C19F2B02C59D00F7D878 /* ShipCollisionNode.swift in Sources */ = {isa = PBXBuildFile; fileRef = 8D23C1522B02C59C00F7D878 /* ShipCollisionNode.swift */; };
		8D23C1A02B02C59D00F7D878 /* RenderNode.swift in Sources */ = {isa = PBXBuildFile; fileRef = 8D23C1532B02C59C00F7D878 /* RenderNode.swift */; };
		8D23C1A12B02C59D00F7D878 /* ShipNode.swift in Sources */ = {isa = PBXBuildFile; fileRef = 8D23C1542B02C59C00F7D878 /* ShipNode.swift */; };
		8D23C1A22B02C59D00F7D878 /* AudioNode.swift in Sources */ = {isa = PBXBuildFile; fileRef = 8D23C1552B02C59C00F7D878 /* AudioNode.swift */; };
		8D23C1A32B02C59D00F7D878 /* TorpedoAgeNode.swift in Sources */ = {isa = PBXBuildFile; fileRef = 8D23C1562B02C59C00F7D878 /* TorpedoAgeNode.swift */; };
		8D23C1A42B02C59D00F7D878 /* DeathThroesNode.swift in Sources */ = {isa = PBXBuildFile; fileRef = 8D23C1572B02C59C00F7D878 /* DeathThroesNode.swift */; };
		8D23C1A62B02C59D00F7D878 /* StartNode.swift in Sources */ = {isa = PBXBuildFile; fileRef = 8D23C1592B02C59C00F7D878 /* StartNode.swift */; };
		8D23C1A72B02C59D00F7D878 /* AnimationNode.swift in Sources */ = {isa = PBXBuildFile; fileRef = 8D23C15A2B02C59C00F7D878 /* AnimationNode.swift */; };
		8D23C1A82B02C59D00F7D878 /* GunSupplierNode.swift in Sources */ = {isa = PBXBuildFile; fileRef = 8D23C15B2B02C59C00F7D878 /* GunSupplierNode.swift */; };
		8D23C1A92B02C59D00F7D878 /* ShipEngineNode.swift in Sources */ = {isa = PBXBuildFile; fileRef = 8D23C15C2B02C59C00F7D878 /* ShipEngineNode.swift */; };
		8D23C1AA2B02C59D00F7D878 /* PlasmaTorpedoCollisionNode.swift in Sources */ = {isa = PBXBuildFile; fileRef = 8D23C15D2B02C59C00F7D878 /* PlasmaTorpedoCollisionNode.swift */; };
		8D23C1AB2B02C59D00F7D878 /* HudNode.swift in Sources */ = {isa = PBXBuildFile; fileRef = 8D23C15E2B02C59C00F7D878 /* HudNode.swift */; };
		8D23C1AD2B02C59D00F7D878 /* MovementNode.swift in Sources */ = {isa = PBXBuildFile; fileRef = 8D23C1602B02C59C00F7D878 /* MovementNode.swift */; };
		8D23C1AE2B02C59D00F7D878 /* AsteroidCollisionNode.swift in Sources */ = {isa = PBXBuildFile; fileRef = 8D23C1612B02C59C00F7D878 /* AsteroidCollisionNode.swift */; };
		8D23C1AF2B02C59D00F7D878 /* AppStateNode.swift in Sources */ = {isa = PBXBuildFile; fileRef = 8D23C1622B02C59C00F7D878 /* AppStateNode.swift */; };
		8D23C1B02B02C59D00F7D878 /* GunControlNode.swift in Sources */ = {isa = PBXBuildFile; fileRef = 8D23C1632B02C59C00F7D878 /* GunControlNode.swift */; };
		8D23C1B12B02C59D00F7D878 /* PlasmaTorpedoComponent.swift in Sources */ = {isa = PBXBuildFile; fileRef = 8D23C1652B02C59C00F7D878 /* PlasmaTorpedoComponent.swift */; };
		8D23C1B22B02C59D00F7D878 /* WarpDriveComponent.swift in Sources */ = {isa = PBXBuildFile; fileRef = 8D23C1662B02C59C00F7D878 /* WarpDriveComponent.swift */; };
		8D23C1B32B02C59D00F7D878 /* AppStateComponent.swift in Sources */ = {isa = PBXBuildFile; fileRef = 8D23C1672B02C59C00F7D878 /* AppStateComponent.swift */; };
		8D23C1B42B02C59D00F7D878 /* AudioComponent.swift in Sources */ = {isa = PBXBuildFile; fileRef = 8D23C1682B02C59C00F7D878 /* AudioComponent.swift */; };
		8D23C1B52B02C59D00F7D878 /* AnimationComponent.swift in Sources */ = {isa = PBXBuildFile; fileRef = 8D23C1692B02C59C00F7D878 /* AnimationComponent.swift */; };
		8D23C1B62B02C59D00F7D878 /* AsteroidComponent.swift in Sources */ = {isa = PBXBuildFile; fileRef = 8D23C16A2B02C59C00F7D878 /* AsteroidComponent.swift */; };
		8D23C1B72B02C59D00F7D878 /* ShipComponent.swift in Sources */ = {isa = PBXBuildFile; fileRef = 8D23C16B2B02C59C00F7D878 /* ShipComponent.swift */; };
		8D23C1B82B02C59D00F7D878 /* MotionComponent.swift in Sources */ = {isa = PBXBuildFile; fileRef = 8D23C16C2B02C59C00F7D878 /* MotionComponent.swift */; };
		8D23C1B92B02C59D00F7D878 /* DeathThroesComponent.swift in Sources */ = {isa = PBXBuildFile; fileRef = 8D23C16D2B02C59C00F7D878 /* DeathThroesComponent.swift */; };
		8D23C1BB2B02C59D00F7D878 /* GunComponent.swift in Sources */ = {isa = PBXBuildFile; fileRef = 8D23C16F2B02C59C00F7D878 /* GunComponent.swift */; };
		8D23C1BC2B02C59D00F7D878 /* DisplayComponent.swift in Sources */ = {isa = PBXBuildFile; fileRef = 8D23C1702B02C59C00F7D878 /* DisplayComponent.swift */; };
		8D23C1BE2B02C59D00F7D878 /* PositionComponent.swift in Sources */ = {isa = PBXBuildFile; fileRef = 8D23C1722B02C59C00F7D878 /* PositionComponent.swift */; };
		8D23C1BF2B02C59D00F7D878 /* HudComponent.swift in Sources */ = {isa = PBXBuildFile; fileRef = 8D23C1732B02C59C00F7D878 /* HudComponent.swift */; };
		8D23C1C02B02C59D00F7D878 /* CollisionComponent.swift in Sources */ = {isa = PBXBuildFile; fileRef = 8D23C1742B02C59C00F7D878 /* CollisionComponent.swift */; };
		8D23C1C12B02C59D00F7D878 /* StartComponent.swift in Sources */ = {isa = PBXBuildFile; fileRef = 8D23C1752B02C59C00F7D878 /* StartComponent.swift */; };
		8D23C1C22B02C59D00F7D878 /* Hashable+extensions.swift in Sources */ = {isa = PBXBuildFile; fileRef = 8D23C1762B02C59C00F7D878 /* Hashable+extensions.swift */; };
		8D23C1C32B02C59D00F7D878 /* shipExplosion.sks in Resources */ = {isa = PBXBuildFile; fileRef = 8D23C1782B02C59C00F7D878 /* shipExplosion.sks */; };
		8D23C1C42B02C59D00F7D878 /* plasmaTorpedo.sks in Resources */ = {isa = PBXBuildFile; fileRef = 8D23C1792B02C59C00F7D878 /* plasmaTorpedo.sks */; };
		8D23C1C52B02C59D00F7D878 /* hyperspace.sks in Resources */ = {isa = PBXBuildFile; fileRef = 8D23C17A2B02C59C00F7D878 /* hyperspace.sks */; };
		8D23C1C62B02C59D00F7D878 /* CollisionSystem.swift in Sources */ = {isa = PBXBuildFile; fileRef = 8D23C17C2B02C59C00F7D878 /* CollisionSystem.swift */; };
		8D23C1C72B02C59D00F7D878 /* NacellesSystem.swift in Sources */ = {isa = PBXBuildFile; fileRef = 8D23C17D2B02C59C00F7D878 /* NacellesSystem.swift */; };
		8D23C1C82B02C59D00F7D878 /* AudioSystem.swift in Sources */ = {isa = PBXBuildFile; fileRef = 8D23C17E2B02C59C00F7D878 /* AudioSystem.swift */; };
		8D23C1C92B02C59D00F7D878 /* FiringSystem.swift in Sources */ = {isa = PBXBuildFile; fileRef = 8D23C17F2B02C59C00F7D878 /* FiringSystem.swift */; };
		8D23C1CA2B02C59D00F7D878 /* TorpedoAgeSystem.swift in Sources */ = {isa = PBXBuildFile; fileRef = 8D23C1802B02C59C00F7D878 /* TorpedoAgeSystem.swift */; };
		8D23C1CC2B02C59D00F7D878 /* GameManagerSystem.swift in Sources */ = {isa = PBXBuildFile; fileRef = 8D23C1822B02C59C00F7D878 /* GameManagerSystem.swift */; };
		8D23C1CD2B02C59D00F7D878 /* DeathThroesSystem.swift in Sources */ = {isa = PBXBuildFile; fileRef = 8D23C1832B02C59C00F7D878 /* DeathThroesSystem.swift */; };
		8D23C1CE2B02C59D00F7D878 /* HudSystem.swift in Sources */ = {isa = PBXBuildFile; fileRef = 8D23C1842B02C59C00F7D878 /* HudSystem.swift */; };
		8D23C1CF2B02C59D00F7D878 /* AnimationSystem.swift in Sources */ = {isa = PBXBuildFile; fileRef = 8D23C1852B02C59C00F7D878 /* AnimationSystem.swift */; };
		8D23C1D12B02C59D00F7D878 /* MovementSystem.swift in Sources */ = {isa = PBXBuildFile; fileRef = 8D23C1872B02C59C00F7D878 /* MovementSystem.swift */; };
		8D23C1D22B02C59D00F7D878 /* RenderSystem.swift in Sources */ = {isa = PBXBuildFile; fileRef = 8D23C1882B02C59C00F7D878 /* RenderSystem.swift */; };
		8D23C1D32B02C59D00F7D878 /* Creator.swift in Sources */ = {isa = PBXBuildFile; fileRef = 8D23C18A2B02C59D00F7D878 /* Creator.swift */; };
		8D23C1D52B02C59D00F7D878 /* saucerSmall.wav in Resources */ = {isa = PBXBuildFile; fileRef = 8D23C18D2B02C59D00F7D878 /* saucerSmall.wav */; };
		8D23C1D62B02C59D00F7D878 /* saucerBig.wav in Resources */ = {isa = PBXBuildFile; fileRef = 8D23C18E2B02C59D00F7D878 /* saucerBig.wav */; };
		8D23C1D72B02C59D00F7D878 /* bangLarge.wav in Resources */ = {isa = PBXBuildFile; fileRef = 8D23C18F2B02C59D00F7D878 /* bangLarge.wav */; };
		8D23C1D82B02C59D00F7D878 /* thrust.wav in Resources */ = {isa = PBXBuildFile; fileRef = 8D23C1902B02C59D00F7D878 /* thrust.wav */; };
		8D23C1D92B02C59D00F7D878 /* fire.wav in Resources */ = {isa = PBXBuildFile; fileRef = 8D23C1912B02C59D00F7D878 /* fire.wav */; };
		8D23C1DA2B02C59D00F7D878 /* extraShip.wav in Resources */ = {isa = PBXBuildFile; fileRef = 8D23C1922B02C59D00F7D878 /* extraShip.wav */; };
		8D23C1DB2B02C59D00F7D878 /* bangSmall.wav in Resources */ = {isa = PBXBuildFile; fileRef = 8D23C1932B02C59D00F7D878 /* bangSmall.wav */; };
		8D23C1DC2B02C59D00F7D878 /* bangMedium.wav in Resources */ = {isa = PBXBuildFile; fileRef = 8D23C1942B02C59D00F7D878 /* bangMedium.wav */; };
		8D23C1DD2B02C59D00F7D878 /* beat2.wav in Resources */ = {isa = PBXBuildFile; fileRef = 8D23C1952B02C59D00F7D878 /* beat2.wav */; };
		8D23C1DE2B02C59D00F7D878 /* beat1.wav in Resources */ = {isa = PBXBuildFile; fileRef = 8D23C1962B02C59D00F7D878 /* beat1.wav */; };
		8D23C1DF2B02C59D00F7D878 /* Create_Texture.swift in Sources */ = {isa = PBXBuildFile; fileRef = 8D23C1982B02C59D00F7D878 /* Create_Texture.swift */; };
		8D23C1E02B02C59D00F7D878 /* HudView.swift in Sources */ = {isa = PBXBuildFile; fileRef = 8D23C1992B02C59D00F7D878 /* HudView.swift */; };
		8D23C1E12B02C59D00F7D878 /* SKNode+extensions.swift in Sources */ = {isa = PBXBuildFile; fileRef = 8D23C19A2B02C59D00F7D878 /* SKNode+extensions.swift */; };
		8D23C1E22B02C59D00F7D878 /* TorpedosView.swift in Sources */ = {isa = PBXBuildFile; fileRef = 8D23C19B2B02C59D00F7D878 /* TorpedosView.swift */; };
		8D23C1E32B02C59D00F7D878 /* StartView.swift in Sources */ = {isa = PBXBuildFile; fileRef = 8D23C19C2B02C59D00F7D878 /* StartView.swift */; };
		8D23C1E62B02C81D00F7D878 /* CGPoint+extensions.swift in Sources */ = {isa = PBXBuildFile; fileRef = 8D23C1E42B02C81D00F7D878 /* CGPoint+extensions.swift */; };
		8D23C1E72B02C81D00F7D878 /* Double+extensions.swift in Sources */ = {isa = PBXBuildFile; fileRef = 8D23C1E52B02C81D00F7D878 /* Double+extensions.swift */; };
		8D23C1E92B02CD7E00F7D878 /* README.md in Resources */ = {isa = PBXBuildFile; fileRef = 8D23C1E82B02CD7E00F7D878 /* README.md */; };
		8D23C1EB2B02CD9800F7D878 /* LICENSE.md in Resources */ = {isa = PBXBuildFile; fileRef = 8D23C1EA2B02CD9800F7D878 /* LICENSE.md */; };
		8D23C1EE2B02D00700F7D878 /* swashteroids.png in Resources */ = {isa = PBXBuildFile; fileRef = 8D23C1ED2B02D00700F7D878 /* swashteroids.png */; };
		8D384D9A2B28F3F300D5564C /* TorpedoAgeSystemTests.swift in Sources */ = {isa = PBXBuildFile; fileRef = 8D384D982B28F3F300D5564C /* TorpedoAgeSystemTests.swift */; };
		8D384D9B2B28F3F300D5564C /* AnimationTests.swift in Sources */ = {isa = PBXBuildFile; fileRef = 8D384D992B28F3F300D5564C /* AnimationTests.swift */; };
		8D41E2112B1E64530031AF54 /* ChangeShipControlsStateComponent.swift in Sources */ = {isa = PBXBuildFile; fileRef = 8D41E2102B1E64530031AF54 /* ChangeShipControlsStateComponent.swift */; };
		8D41E2132B1E65950031AF54 /* ShipControlsStateNode.swift in Sources */ = {isa = PBXBuildFile; fileRef = 8D41E2122B1E65950031AF54 /* ShipControlsStateNode.swift */; };
		8D41E2152B1E66820031AF54 /* TransitionAppStateNode.swift in Sources */ = {isa = PBXBuildFile; fileRef = 8D41E2142B1E66820031AF54 /* TransitionAppStateNode.swift */; };
		8D41E2172B1E66EE0031AF54 /* ShipControlsSystem.swift in Sources */ = {isa = PBXBuildFile; fileRef = 8D41E2162B1E66EE0031AF54 /* ShipControlsSystem.swift */; };
		8D41E2192B1E7AB00031AF54 /* SwashSpriteNode.swift in Sources */ = {isa = PBXBuildFile; fileRef = 8D41E2182B1E7AB00031AF54 /* SwashSpriteNode.swift */; };
		8D41E21D2B1F988E0031AF54 /* TorpedosComponent.swift in Sources */ = {isa = PBXBuildFile; fileRef = 8D41E21C2B1F988E0031AF54 /* TorpedosComponent.swift */; };
		8D41E21F2B1FA2D00031AF54 /* Entity+extension.swift in Sources */ = {isa = PBXBuildFile; fileRef = 8D41E21E2B1FA2D00031AF54 /* Entity+extension.swift */; };
		8D4627662B251761007F01E6 /* powerup.wav in Resources */ = {isa = PBXBuildFile; fileRef = 8D4627652B251761007F01E6 /* powerup.wav */; };
		8D512A992B41B47D00C30AC7 /* AccelerometerSystemTests.swift in Sources */ = {isa = PBXBuildFile; fileRef = 8D512A982B41B47D00C30AC7 /* AccelerometerSystemTests.swift */; };
		8D512A9D2B41C15600C30AC7 /* AccelerometerSystem.swift in Sources */ = {isa = PBXBuildFile; fileRef = 8D512A9A2B41C12000C30AC7 /* AccelerometerSystem.swift */; };
		8D59EDDE2B139088003BD073 /* Badloc ICG.ttf in Resources */ = {isa = PBXBuildFile; fileRef = 8D59EDDD2B138ED6003BD073 /* Badloc ICG.ttf */; };
		8D6305472B2678A000002F57 /* hyperspacePowerUp.sks in Resources */ = {isa = PBXBuildFile; fileRef = 8D6305462B2678A000002F57 /* hyperspacePowerUp.sks */; };
		8D651D6C2B278BB30088AEEF /* Swashteroids+SKSceneDelegate.swift in Sources */ = {isa = PBXBuildFile; fileRef = 8D651D6B2B278BB30088AEEF /* Swashteroids+SKSceneDelegate.swift */; };
		8D651D6E2B278C1C0088AEEF /* Swashteroids+TouchDelegate.swift in Sources */ = {isa = PBXBuildFile; fileRef = 8D651D6D2B278C1C0088AEEF /* Swashteroids+TouchDelegate.swift */; };
		8D688FBD2B0680D900056CD3 /* hyperspace.wav in Resources */ = {isa = PBXBuildFile; fileRef = 8D688FBC2B0680D900056CD3 /* hyperspace.wav */; };
		8D6A0DFF2B0AB64A00F2E137 /* GameOverView.swift in Sources */ = {isa = PBXBuildFile; fileRef = 8D6A0DFE2B0AB64A00F2E137 /* GameOverView.swift */; };
		8D6A0E012B0AB82E00F2E137 /* GameOverComponent.swift in Sources */ = {isa = PBXBuildFile; fileRef = 8D6A0E002B0AB82E00F2E137 /* GameOverComponent.swift */; };
		8D6A0E032B0AB84B00F2E137 /* GameOverNode.swift in Sources */ = {isa = PBXBuildFile; fileRef = 8D6A0E022B0AB84B00F2E137 /* GameOverNode.swift */; };
		8D6AD4B42B09D2B000E258BF /* Engine+extension.swift in Sources */ = {isa = PBXBuildFile; fileRef = 8D6AD4B32B09D2B000E258BF /* Engine+extension.swift */; };
		8D6D81552B1A562900AD8D18 /* braam-6150.wav in Resources */ = {isa = PBXBuildFile; fileRef = 8D6D81542B1A562900AD8D18 /* braam-6150.wav */; };
		8D6D81572B1A5EC200AD8D18 /* NoButtonsInfo.sks in Resources */ = {isa = PBXBuildFile; fileRef = 8D6D81562B1A5EC200AD8D18 /* NoButtonsInfo.sks */; };
		8D6D81592B1A648400AD8D18 /* StartScene.sks in Resources */ = {isa = PBXBuildFile; fileRef = 8D6D81582B1A648400AD8D18 /* StartScene.sks */; };
		8D6D815F2B1A7A9E00AD8D18 /* ButtonsInfo.sks in Resources */ = {isa = PBXBuildFile; fileRef = 8D6D815E2B1A7A9E00AD8D18 /* ButtonsInfo.sks */; };
		8D6D81612B1AB09500AD8D18 /* AudioPlayer.swift in Sources */ = {isa = PBXBuildFile; fileRef = 8D6D81602B1AB09500AD8D18 /* AudioPlayer.swift */; };
		8D6D81632B1AC52200AD8D18 /* toggle.wav in Resources */ = {isa = PBXBuildFile; fileRef = 8D6D81622B1AC52200AD8D18 /* toggle.wav */; };
		8D714E2E2B3535DC009E1586 /* SKSpriteNode+extensions.swift in Sources */ = {isa = PBXBuildFile; fileRef = 8D714E2D2B3535DC009E1586 /* SKSpriteNode+extensions.swift */; };
		8D71C0472B3603CF004D6D0C /* ScaleManager.swift in Sources */ = {isa = PBXBuildFile; fileRef = 93139DE0BD2F73AFFAEDE2DA /* ScaleManager.swift */; };
		8D8A511A2B16880500A5F254 /* plasmaTorpedoesPowerUp.sks in Resources */ = {isa = PBXBuildFile; fileRef = 8D8A51192B16880500A5F254 /* plasmaTorpedoesPowerUp.sks */; };
		8D9DEF642B059E3800064B01 /* HyperspaceJumpComponent.swift in Sources */ = {isa = PBXBuildFile; fileRef = 8D9DEF632B059E3800064B01 /* HyperspaceJumpComponent.swift */; };
		8D9DEF662B059EC400064B01 /* HyperspaceNode.swift in Sources */ = {isa = PBXBuildFile; fileRef = 8D9DEF652B059EC400064B01 /* HyperspaceNode.swift */; };
		8D9DEF682B059F2800064B01 /* HyperspaceSystem.swift in Sources */ = {isa = PBXBuildFile; fileRef = 8D9DEF672B059F2800064B01 /* HyperspaceSystem.swift */; };
		8DA97A962B23581100E7495A /* Int+SystemPriorities.swift in Sources */ = {isa = PBXBuildFile; fileRef = 8DA97A952B23581100E7495A /* Int+SystemPriorities.swift */; };
		8DB409EC2B1D3C6F008DE4EB /* TransitionAppStateComponent.swift in Sources */ = {isa = PBXBuildFile; fileRef = 8DB409EB2B1D3C6F008DE4EB /* TransitionAppStateComponent.swift */; };
		8DB99F522B2BE7D700C3593A /* TestingAppDelegate.swift in Sources */ = {isa = PBXBuildFile; fileRef = 8DB99F512B2BE7D700C3593A /* TestingAppDelegate.swift */; };
		8DB99F542B2BE81800C3593A /* main.swift in Sources */ = {isa = PBXBuildFile; fileRef = 8DB99F532B2BE81800C3593A /* main.swift */; };
		8DB99F572B2BE9EE00C3593A /* RenderSystemTests.swift in Sources */ = {isa = PBXBuildFile; fileRef = 8DB99F562B2BE9EE00C3593A /* RenderSystemTests.swift */; };
		8DB99F592B2BF2A700C3593A /* GameOverSystemTests.swift in Sources */ = {isa = PBXBuildFile; fileRef = 8DB99F582B2BF2A700C3593A /* GameOverSystemTests.swift */; };
		8DB99F5B2B2C9B4500C3593A /* TransitionAppStateSystemTests.swift in Sources */ = {isa = PBXBuildFile; fileRef = 8DB99F5A2B2C9B4500C3593A /* TransitionAppStateSystemTests.swift */; };
		8DB99F7B2B2E8BE400C3593A /* MovementSystemTests.swift in Sources */ = {isa = PBXBuildFile; fileRef = 931399F9256FB8B5F9EBA4E4 /* MovementSystemTests.swift */; };
		8DD26DC92B22D7E300DA5BC3 /* AccelerometerNode.swift in Sources */ = {isa = PBXBuildFile; fileRef = 8DD26DC82B22D7E300DA5BC3 /* AccelerometerNode.swift */; };
		8DD26DCB2B22D80600DA5BC3 /* AccelerometerComponent.swift in Sources */ = {isa = PBXBuildFile; fileRef = 8DD26DCA2B22D80600DA5BC3 /* AccelerometerComponent.swift */; };
		93139113FFD9F17E28DA721A /* DeathThroesSystemTests.swift in Sources */ = {isa = PBXBuildFile; fileRef = 931397AEAB4946A616156BF7 /* DeathThroesSystemTests.swift */; };
		93139265D59A74E99D27A0CF /* Transition+GameOver.swift in Sources */ = {isa = PBXBuildFile; fileRef = 931393BFA7122C52736144FB /* Transition+GameOver.swift */; };
		9313927570EF98CB5DB23DCB /* NacelleSystemTest.swift in Sources */ = {isa = PBXBuildFile; fileRef = 93139C5C73E05D316598047C /* NacelleSystemTest.swift */; };
		931392BC342CBC595CB879B5 /* FlipComponent.swift in Sources */ = {isa = PBXBuildFile; fileRef = 93139EB3AE52346EF745211F /* FlipComponent.swift */; };
		931393799C3434FBF3FC0CCD /* InputComponent.swift in Sources */ = {isa = PBXBuildFile; fileRef = 931396DD35CCD39E8E4EDB16 /* InputComponent.swift */; };
		931394AC921BF3C3D7CABD13 /* FiringSystemTests.swift in Sources */ = {isa = PBXBuildFile; fileRef = 93139DE76BF1939914D55E38 /* FiringSystemTests.swift */; };
		93139562CC6BB542C42A3493 /* LeftNode.swift in Sources */ = {isa = PBXBuildFile; fileRef = 93139D029684C918FEDD3DC1 /* LeftNode.swift */; };
		931396A2070DB4DA286B21D7 /* RightNode.swift in Sources */ = {isa = PBXBuildFile; fileRef = 93139FDF0C76049256DAE28C /* RightNode.swift */; };
		931397073B11911E75B9BFA0 /* Creator+ShipControlQuadrants.swift in Sources */ = {isa = PBXBuildFile; fileRef = 931395F838B2866767296F25 /* Creator+ShipControlQuadrants.swift */; };
		931397757ABDD3E731FEB69F /* RepeatingAudioSystem.swift in Sources */ = {isa = PBXBuildFile; fileRef = 93139A85D4D955B243719D63 /* RepeatingAudioSystem.swift */; };
		931397BD1834CFFC21464D3F /* Transition+Playing.swift in Sources */ = {isa = PBXBuildFile; fileRef = 93139DF99E2237817263DF63 /* Transition+Playing.swift */; };
		93139837E8C25570F6134663 /* RepeatingAudioNode.swift in Sources */ = {isa = PBXBuildFile; fileRef = 9313961CB4F5B39D06FE5B0F /* RepeatingAudioNode.swift */; };
		93139859AA4017DC2A83652F /* Transition.swift in Sources */ = {isa = PBXBuildFile; fileRef = 931392817415F62A631B78BE /* Transition.swift */; };
		931398712D4F259FF98C62AA /* Touch.swift in Sources */ = {isa = PBXBuildFile; fileRef = 931398B8B6C228DE4D83EF1C /* Touch.swift */; };
		931398B1CA8906CC519B170B /* HyperspaceEngineComponent.swift in Sources */ = {isa = PBXBuildFile; fileRef = 93139BD2BE63CAC32979ABA3 /* HyperspaceEngineComponent.swift */; };
		931398FFEAC38E75EF83728C /* TouchNodes.swift in Sources */ = {isa = PBXBuildFile; fileRef = 93139489970BEA17AF74C95E /* TouchNodes.swift */; };
		93139920B1CB722DC9509E80 /* TransitionAppStateSystem.swift in Sources */ = {isa = PBXBuildFile; fileRef = 93139F7B6117208071E3FE22 /* TransitionAppStateSystem.swift */; };
		9313993F9DCFCC4F17AA7B21 /* RightSystem.swift in Sources */ = {isa = PBXBuildFile; fileRef = 9313921B1C15E7B6BB9E6B36 /* RightSystem.swift */; };
		9313994EE65DC5F613776E1B /* PauseAlert.swift in Sources */ = {isa = PBXBuildFile; fileRef = 931392B2F2F0077756DDF207 /* PauseAlert.swift */; };
		9313996AA764792E9B8670A5 /* FireDownComponent.swift in Sources */ = {isa = PBXBuildFile; fileRef = 931399840A8AC5987DF6D3D4 /* FireDownComponent.swift */; };
		9313996B7589CCA869842E12 /* TouchComponents.swift in Sources */ = {isa = PBXBuildFile; fileRef = 93139735B7C5C32A3DA6CB9D /* TouchComponents.swift */; };
		93139985E9931A3012A6B150 /* Creator+ToggleButton.swift in Sources */ = {isa = PBXBuildFile; fileRef = 93139E95FF431FF894CFD502 /* Creator+ToggleButton.swift */; };
		93139999C782AFD3B2ACD018 /* TransitionTests.swift in Sources */ = {isa = PBXBuildFile; fileRef = 93139D4336E12C89FC8BE06B /* TransitionTests.swift */; };
		931399BCC437F101AA0DA3CB /* HudSystemTests.swift in Sources */ = {isa = PBXBuildFile; fileRef = 93139949CD856130C98A8834 /* HudSystemTests.swift */; };
		931399C749E2BD0BE4E247A0 /* ApplyThrustComponent.swift in Sources */ = {isa = PBXBuildFile; fileRef = 931397D7C84D4E580EB51E4D /* ApplyThrustComponent.swift */; };
		931399FC0563308E45F415FF /* GameOverSystem.swift in Sources */ = {isa = PBXBuildFile; fileRef = 9313941564944F14B4041467 /* GameOverSystem.swift */; };
		931399FEBA1404DE9F734910 /* MotionControlsComponent.swift in Sources */ = {isa = PBXBuildFile; fileRef = 93139A62ACBE6CDFC10158E7 /* MotionControlsComponent.swift */; };
		93139A8885E51A1D11E5F1D6 /* Creator+CreateHud.swift in Sources */ = {isa = PBXBuildFile; fileRef = 931397F86C674AD22210D173 /* Creator+CreateHud.swift */; };
		93139BB63DB9036243796001 /* RepeatingAudioComponent.swift in Sources */ = {isa = PBXBuildFile; fileRef = 931399A8022AF1B7FCC53B49 /* RepeatingAudioComponent.swift */; };
		93139BC5661C918BD0158277 /* HyperspaceSystemTests.swift in Sources */ = {isa = PBXBuildFile; fileRef = 9313964664F31540DA9D0416 /* HyperspaceSystemTests.swift */; };
		93139BD1EDA3D1E9AEA9C1D4 /* ThrustSystem.swift in Sources */ = {isa = PBXBuildFile; fileRef = 931390DB9E3BECA50B2D05CF /* ThrustSystem.swift */; };
		93139C6BCF2ED1CDD8504B1C /* Creator+CreateTorpedo.swift in Sources */ = {isa = PBXBuildFile; fileRef = 93139A97E15CCF640A73EC56 /* Creator+CreateTorpedo.swift */; };
		93139C71990002FF2B995C07 /* Creator+ShipControlButtons.swift in Sources */ = {isa = PBXBuildFile; fileRef = 931392CF258F1370304A48B7 /* Creator+ShipControlButtons.swift */; };
		93139CB863A15BF4B1274D41 /* Creator+CreateShip.swift in Sources */ = {isa = PBXBuildFile; fileRef = 93139F43221229D3FBAC46D9 /* Creator+CreateShip.swift */; };
		93139D10A3929204EC8DF9BF /* FlipSystemTest.swift in Sources */ = {isa = PBXBuildFile; fileRef = 93139C3D0D48098244988F2F /* FlipSystemTest.swift */; };
		93139D5194CC414BF7F76B99 /* LeftSystem.swift in Sources */ = {isa = PBXBuildFile; fileRef = 93139B0F783B5FBCD7E56343 /* LeftSystem.swift */; };
		93139DB6913344090273397D /* String+EntityNames.swift in Sources */ = {isa = PBXBuildFile; fileRef = 931394D1D0B636772EE1DFF7 /* String+EntityNames.swift */; };
		93139DCDFD8DE5D48E8CB1BD /* FlipSystem.swift in Sources */ = {isa = PBXBuildFile; fileRef = 931390D4ADEAB2D4BAFC8C1F /* FlipSystem.swift */; };
		93139E3F25213600B5CECC6D /* RightComponent.swift in Sources */ = {isa = PBXBuildFile; fileRef = 93139323EC193D378DF26BB7 /* RightComponent.swift */; };
		93139E5DCD4193CB19DDB025 /* Creator+CreatePowerUp.swift in Sources */ = {isa = PBXBuildFile; fileRef = 93139C73A66D8863A166745D /* Creator+CreatePowerUp.swift */; };
		93139E9EAA1EF70B2FE63374 /* FlipNode.swift in Sources */ = {isa = PBXBuildFile; fileRef = 93139CC64C9CFC7E61D7DCFE /* FlipNode.swift */; };
		93139EB726F6A591F339A9E1 /* ThrustSystemTests.swift in Sources */ = {isa = PBXBuildFile; fileRef = 931393FE8CC28A572666583C /* ThrustSystemTests.swift */; };
		93139F0DDF5880C3EAFA8A5D /* Transition+Start.swift in Sources */ = {isa = PBXBuildFile; fileRef = 93139349F91910D60271C8DA /* Transition+Start.swift */; };
		93139F3F4BF404579411D473 /* Transition+InfoViews.swift in Sources */ = {isa = PBXBuildFile; fileRef = 931398E70F42335F03D272DD /* Transition+InfoViews.swift */; };
		93139F441AD923E1149DA311 /* ThrustNode.swift in Sources */ = {isa = PBXBuildFile; fileRef = 9313988C064025FB4880FF1F /* ThrustNode.swift */; };
		93139F4C2D7C76E0668F0B1C /* AllSoundsComponent.swift in Sources */ = {isa = PBXBuildFile; fileRef = 9313979ABDA67BAEA7682AC7 /* AllSoundsComponent.swift */; };
		93139F65DD1FA0CE5A373FB0 /* LeftSystemTests.swift in Sources */ = {isa = PBXBuildFile; fileRef = 931390C85278CB396AD27B7B /* LeftSystemTests.swift */; };
		93139F78DDEA725367C42BFD /* Creator+CreateAsteroid.swift in Sources */ = {isa = PBXBuildFile; fileRef = 93139EE51DF4C3AE1D381E57 /* Creator+CreateAsteroid.swift */; };
		93139F81F995E10AEE533513 /* LeftComponent.swift in Sources */ = {isa = PBXBuildFile; fileRef = 93139BC38DC2F4BF7B9F869A /* LeftComponent.swift */; };
		93139F8A1021EE54E773A085 /* RightSystemTests.swift in Sources */ = {isa = PBXBuildFile; fileRef = 93139B1BA616F9CF29C1B194 /* RightSystemTests.swift */; };
/* End PBXBuildFile section */

/* Begin PBXContainerItemProxy section */
		8D384D932B28F30D00D5564C /* PBXContainerItemProxy */ = {
			isa = PBXContainerItemProxy;
			containerPortal = 8D23C12A2B02C4C900F7D878 /* Project object */;
			proxyType = 1;
			remoteGlobalIDString = 8D23C1312B02C4CA00F7D878;
			remoteInfo = Swashteroids;
		};
/* End PBXContainerItemProxy section */

/* Begin PBXFileReference section */
		8D23C1322B02C4CA00F7D878 /* Swashteroids.app */ = {isa = PBXFileReference; explicitFileType = wrapper.application; includeInIndex = 0; path = Swashteroids.app; sourceTree = BUILT_PRODUCTS_DIR; };
		8D23C1352B02C4CA00F7D878 /* AppDelegate.swift */ = {isa = PBXFileReference; lastKnownFileType = sourcecode.swift; path = AppDelegate.swift; sourceTree = "<group>"; };
		8D23C13B2B02C4CA00F7D878 /* GameScene.swift */ = {isa = PBXFileReference; lastKnownFileType = sourcecode.swift; path = GameScene.swift; sourceTree = "<group>"; };
		8D23C13D2B02C4CA00F7D878 /* GameViewController.swift */ = {isa = PBXFileReference; lastKnownFileType = sourcecode.swift; path = GameViewController.swift; sourceTree = "<group>"; };
		8D23C1422B02C4CC00F7D878 /* SwashteroidsAssets.xcassets */ = {isa = PBXFileReference; lastKnownFileType = folder.assetcatalog; path = SwashteroidsAssets.xcassets; sourceTree = "<group>"; };
		8D23C1452B02C4CC00F7D878 /* Base */ = {isa = PBXFileReference; lastKnownFileType = file.storyboard; name = Base; path = Base.lproj/LaunchScreen.storyboard; sourceTree = "<group>"; };
		8D23C14F2B02C59B00F7D878 /* Swashteroids.swift */ = {isa = PBXFileReference; fileEncoding = 4; lastKnownFileType = sourcecode.swift; path = Swashteroids.swift; sourceTree = "<group>"; };
		8D23C1502B02C59B00F7D878 /* Enums.swift */ = {isa = PBXFileReference; fileEncoding = 4; lastKnownFileType = sourcecode.swift; path = Enums.swift; sourceTree = "<group>"; };
		8D23C1522B02C59C00F7D878 /* ShipCollisionNode.swift */ = {isa = PBXFileReference; fileEncoding = 4; lastKnownFileType = sourcecode.swift; path = ShipCollisionNode.swift; sourceTree = "<group>"; };
		8D23C1532B02C59C00F7D878 /* RenderNode.swift */ = {isa = PBXFileReference; fileEncoding = 4; lastKnownFileType = sourcecode.swift; path = RenderNode.swift; sourceTree = "<group>"; };
		8D23C1542B02C59C00F7D878 /* ShipNode.swift */ = {isa = PBXFileReference; fileEncoding = 4; lastKnownFileType = sourcecode.swift; path = ShipNode.swift; sourceTree = "<group>"; };
		8D23C1552B02C59C00F7D878 /* AudioNode.swift */ = {isa = PBXFileReference; fileEncoding = 4; lastKnownFileType = sourcecode.swift; path = AudioNode.swift; sourceTree = "<group>"; };
		8D23C1562B02C59C00F7D878 /* TorpedoAgeNode.swift */ = {isa = PBXFileReference; fileEncoding = 4; lastKnownFileType = sourcecode.swift; path = TorpedoAgeNode.swift; sourceTree = "<group>"; };
		8D23C1572B02C59C00F7D878 /* DeathThroesNode.swift */ = {isa = PBXFileReference; fileEncoding = 4; lastKnownFileType = sourcecode.swift; path = DeathThroesNode.swift; sourceTree = "<group>"; };
		8D23C1592B02C59C00F7D878 /* StartNode.swift */ = {isa = PBXFileReference; fileEncoding = 4; lastKnownFileType = sourcecode.swift; path = StartNode.swift; sourceTree = "<group>"; };
		8D23C15A2B02C59C00F7D878 /* AnimationNode.swift */ = {isa = PBXFileReference; fileEncoding = 4; lastKnownFileType = sourcecode.swift; path = AnimationNode.swift; sourceTree = "<group>"; };
		8D23C15B2B02C59C00F7D878 /* GunSupplierNode.swift */ = {isa = PBXFileReference; fileEncoding = 4; lastKnownFileType = sourcecode.swift; path = GunSupplierNode.swift; sourceTree = "<group>"; };
		8D23C15C2B02C59C00F7D878 /* ShipEngineNode.swift */ = {isa = PBXFileReference; fileEncoding = 4; lastKnownFileType = sourcecode.swift; path = ShipEngineNode.swift; sourceTree = "<group>"; };
		8D23C15D2B02C59C00F7D878 /* PlasmaTorpedoCollisionNode.swift */ = {isa = PBXFileReference; fileEncoding = 4; lastKnownFileType = sourcecode.swift; path = PlasmaTorpedoCollisionNode.swift; sourceTree = "<group>"; };
		8D23C15E2B02C59C00F7D878 /* HudNode.swift */ = {isa = PBXFileReference; fileEncoding = 4; lastKnownFileType = sourcecode.swift; path = HudNode.swift; sourceTree = "<group>"; };
		8D23C1602B02C59C00F7D878 /* MovementNode.swift */ = {isa = PBXFileReference; fileEncoding = 4; lastKnownFileType = sourcecode.swift; path = MovementNode.swift; sourceTree = "<group>"; };
		8D23C1612B02C59C00F7D878 /* AsteroidCollisionNode.swift */ = {isa = PBXFileReference; fileEncoding = 4; lastKnownFileType = sourcecode.swift; path = AsteroidCollisionNode.swift; sourceTree = "<group>"; };
		8D23C1622B02C59C00F7D878 /* AppStateNode.swift */ = {isa = PBXFileReference; fileEncoding = 4; lastKnownFileType = sourcecode.swift; path = AppStateNode.swift; sourceTree = "<group>"; };
		8D23C1632B02C59C00F7D878 /* GunControlNode.swift */ = {isa = PBXFileReference; fileEncoding = 4; lastKnownFileType = sourcecode.swift; path = GunControlNode.swift; sourceTree = "<group>"; };
		8D23C1652B02C59C00F7D878 /* PlasmaTorpedoComponent.swift */ = {isa = PBXFileReference; fileEncoding = 4; lastKnownFileType = sourcecode.swift; path = PlasmaTorpedoComponent.swift; sourceTree = "<group>"; };
		8D23C1662B02C59C00F7D878 /* WarpDriveComponent.swift */ = {isa = PBXFileReference; fileEncoding = 4; lastKnownFileType = sourcecode.swift; path = WarpDriveComponent.swift; sourceTree = "<group>"; };
		8D23C1672B02C59C00F7D878 /* AppStateComponent.swift */ = {isa = PBXFileReference; fileEncoding = 4; lastKnownFileType = sourcecode.swift; path = AppStateComponent.swift; sourceTree = "<group>"; };
		8D23C1682B02C59C00F7D878 /* AudioComponent.swift */ = {isa = PBXFileReference; fileEncoding = 4; lastKnownFileType = sourcecode.swift; path = AudioComponent.swift; sourceTree = "<group>"; };
		8D23C1692B02C59C00F7D878 /* AnimationComponent.swift */ = {isa = PBXFileReference; fileEncoding = 4; lastKnownFileType = sourcecode.swift; path = AnimationComponent.swift; sourceTree = "<group>"; };
		8D23C16A2B02C59C00F7D878 /* AsteroidComponent.swift */ = {isa = PBXFileReference; fileEncoding = 4; lastKnownFileType = sourcecode.swift; path = AsteroidComponent.swift; sourceTree = "<group>"; };
		8D23C16B2B02C59C00F7D878 /* ShipComponent.swift */ = {isa = PBXFileReference; fileEncoding = 4; lastKnownFileType = sourcecode.swift; path = ShipComponent.swift; sourceTree = "<group>"; };
		8D23C16C2B02C59C00F7D878 /* MotionComponent.swift */ = {isa = PBXFileReference; fileEncoding = 4; lastKnownFileType = sourcecode.swift; path = MotionComponent.swift; sourceTree = "<group>"; };
		8D23C16D2B02C59C00F7D878 /* DeathThroesComponent.swift */ = {isa = PBXFileReference; fileEncoding = 4; lastKnownFileType = sourcecode.swift; path = DeathThroesComponent.swift; sourceTree = "<group>"; };
		8D23C16F2B02C59C00F7D878 /* GunComponent.swift */ = {isa = PBXFileReference; fileEncoding = 4; lastKnownFileType = sourcecode.swift; path = GunComponent.swift; sourceTree = "<group>"; };
		8D23C1702B02C59C00F7D878 /* DisplayComponent.swift */ = {isa = PBXFileReference; fileEncoding = 4; lastKnownFileType = sourcecode.swift; path = DisplayComponent.swift; sourceTree = "<group>"; };
		8D23C1722B02C59C00F7D878 /* PositionComponent.swift */ = {isa = PBXFileReference; fileEncoding = 4; lastKnownFileType = sourcecode.swift; path = PositionComponent.swift; sourceTree = "<group>"; };
		8D23C1732B02C59C00F7D878 /* HudComponent.swift */ = {isa = PBXFileReference; fileEncoding = 4; lastKnownFileType = sourcecode.swift; path = HudComponent.swift; sourceTree = "<group>"; };
		8D23C1742B02C59C00F7D878 /* CollisionComponent.swift */ = {isa = PBXFileReference; fileEncoding = 4; lastKnownFileType = sourcecode.swift; path = CollisionComponent.swift; sourceTree = "<group>"; };
		8D23C1752B02C59C00F7D878 /* StartComponent.swift */ = {isa = PBXFileReference; fileEncoding = 4; lastKnownFileType = sourcecode.swift; path = StartComponent.swift; sourceTree = "<group>"; };
		8D23C1762B02C59C00F7D878 /* Hashable+extensions.swift */ = {isa = PBXFileReference; fileEncoding = 4; lastKnownFileType = sourcecode.swift; path = "Hashable+extensions.swift"; sourceTree = "<group>"; };
		8D23C1782B02C59C00F7D878 /* shipExplosion.sks */ = {isa = PBXFileReference; lastKnownFileType = file.sks; path = shipExplosion.sks; sourceTree = "<group>"; };
		8D23C1792B02C59C00F7D878 /* plasmaTorpedo.sks */ = {isa = PBXFileReference; lastKnownFileType = file.sks; path = plasmaTorpedo.sks; sourceTree = "<group>"; };
		8D23C17A2B02C59C00F7D878 /* hyperspace.sks */ = {isa = PBXFileReference; lastKnownFileType = file.sks; path = hyperspace.sks; sourceTree = "<group>"; };
		8D23C17C2B02C59C00F7D878 /* CollisionSystem.swift */ = {isa = PBXFileReference; fileEncoding = 4; lastKnownFileType = sourcecode.swift; path = CollisionSystem.swift; sourceTree = "<group>"; };
		8D23C17D2B02C59C00F7D878 /* NacellesSystem.swift */ = {isa = PBXFileReference; fileEncoding = 4; lastKnownFileType = sourcecode.swift; path = NacellesSystem.swift; sourceTree = "<group>"; };
		8D23C17E2B02C59C00F7D878 /* AudioSystem.swift */ = {isa = PBXFileReference; fileEncoding = 4; lastKnownFileType = sourcecode.swift; path = AudioSystem.swift; sourceTree = "<group>"; };
		8D23C17F2B02C59C00F7D878 /* FiringSystem.swift */ = {isa = PBXFileReference; fileEncoding = 4; lastKnownFileType = sourcecode.swift; path = FiringSystem.swift; sourceTree = "<group>"; };
		8D23C1802B02C59C00F7D878 /* TorpedoAgeSystem.swift */ = {isa = PBXFileReference; fileEncoding = 4; lastKnownFileType = sourcecode.swift; path = TorpedoAgeSystem.swift; sourceTree = "<group>"; };
		8D23C1822B02C59C00F7D878 /* GameManagerSystem.swift */ = {isa = PBXFileReference; fileEncoding = 4; lastKnownFileType = sourcecode.swift; path = GameManagerSystem.swift; sourceTree = "<group>"; };
		8D23C1832B02C59C00F7D878 /* DeathThroesSystem.swift */ = {isa = PBXFileReference; fileEncoding = 4; lastKnownFileType = sourcecode.swift; path = DeathThroesSystem.swift; sourceTree = "<group>"; };
		8D23C1842B02C59C00F7D878 /* HudSystem.swift */ = {isa = PBXFileReference; fileEncoding = 4; lastKnownFileType = sourcecode.swift; path = HudSystem.swift; sourceTree = "<group>"; };
		8D23C1852B02C59C00F7D878 /* AnimationSystem.swift */ = {isa = PBXFileReference; fileEncoding = 4; lastKnownFileType = sourcecode.swift; path = AnimationSystem.swift; sourceTree = "<group>"; };
		8D23C1872B02C59C00F7D878 /* MovementSystem.swift */ = {isa = PBXFileReference; fileEncoding = 4; lastKnownFileType = sourcecode.swift; path = MovementSystem.swift; sourceTree = "<group>"; };
		8D23C1882B02C59C00F7D878 /* RenderSystem.swift */ = {isa = PBXFileReference; fileEncoding = 4; lastKnownFileType = sourcecode.swift; path = RenderSystem.swift; sourceTree = "<group>"; };
		8D23C18A2B02C59D00F7D878 /* Creator.swift */ = {isa = PBXFileReference; fileEncoding = 4; lastKnownFileType = sourcecode.swift; path = Creator.swift; sourceTree = "<group>"; };
		8D23C18D2B02C59D00F7D878 /* saucerSmall.wav */ = {isa = PBXFileReference; lastKnownFileType = audio.wav; path = saucerSmall.wav; sourceTree = "<group>"; };
		8D23C18E2B02C59D00F7D878 /* saucerBig.wav */ = {isa = PBXFileReference; lastKnownFileType = audio.wav; path = saucerBig.wav; sourceTree = "<group>"; };
		8D23C18F2B02C59D00F7D878 /* bangLarge.wav */ = {isa = PBXFileReference; lastKnownFileType = audio.wav; path = bangLarge.wav; sourceTree = "<group>"; };
		8D23C1902B02C59D00F7D878 /* thrust.wav */ = {isa = PBXFileReference; lastKnownFileType = audio.wav; path = thrust.wav; sourceTree = "<group>"; };
		8D23C1912B02C59D00F7D878 /* fire.wav */ = {isa = PBXFileReference; lastKnownFileType = audio.wav; path = fire.wav; sourceTree = "<group>"; };
		8D23C1922B02C59D00F7D878 /* extraShip.wav */ = {isa = PBXFileReference; lastKnownFileType = audio.wav; path = extraShip.wav; sourceTree = "<group>"; };
		8D23C1932B02C59D00F7D878 /* bangSmall.wav */ = {isa = PBXFileReference; lastKnownFileType = audio.wav; path = bangSmall.wav; sourceTree = "<group>"; };
		8D23C1942B02C59D00F7D878 /* bangMedium.wav */ = {isa = PBXFileReference; lastKnownFileType = audio.wav; path = bangMedium.wav; sourceTree = "<group>"; };
		8D23C1952B02C59D00F7D878 /* beat2.wav */ = {isa = PBXFileReference; lastKnownFileType = audio.wav; path = beat2.wav; sourceTree = "<group>"; };
		8D23C1962B02C59D00F7D878 /* beat1.wav */ = {isa = PBXFileReference; lastKnownFileType = audio.wav; path = beat1.wav; sourceTree = "<group>"; };
		8D23C1982B02C59D00F7D878 /* Create_Texture.swift */ = {isa = PBXFileReference; fileEncoding = 4; lastKnownFileType = sourcecode.swift; path = Create_Texture.swift; sourceTree = "<group>"; };
		8D23C1992B02C59D00F7D878 /* HudView.swift */ = {isa = PBXFileReference; fileEncoding = 4; lastKnownFileType = sourcecode.swift; path = HudView.swift; sourceTree = "<group>"; };
		8D23C19A2B02C59D00F7D878 /* SKNode+extensions.swift */ = {isa = PBXFileReference; fileEncoding = 4; lastKnownFileType = sourcecode.swift; path = "SKNode+extensions.swift"; sourceTree = "<group>"; };
		8D23C19B2B02C59D00F7D878 /* TorpedosView.swift */ = {isa = PBXFileReference; fileEncoding = 4; lastKnownFileType = sourcecode.swift; path = TorpedosView.swift; sourceTree = "<group>"; };
		8D23C19C2B02C59D00F7D878 /* StartView.swift */ = {isa = PBXFileReference; fileEncoding = 4; lastKnownFileType = sourcecode.swift; path = StartView.swift; sourceTree = "<group>"; };
		8D23C1E42B02C81D00F7D878 /* CGPoint+extensions.swift */ = {isa = PBXFileReference; fileEncoding = 4; lastKnownFileType = sourcecode.swift; path = "CGPoint+extensions.swift"; sourceTree = "<group>"; };
		8D23C1E52B02C81D00F7D878 /* Double+extensions.swift */ = {isa = PBXFileReference; fileEncoding = 4; lastKnownFileType = sourcecode.swift; path = "Double+extensions.swift"; sourceTree = "<group>"; };
		8D23C1E82B02CD7E00F7D878 /* README.md */ = {isa = PBXFileReference; fileEncoding = 4; lastKnownFileType = net.daringfireball.markdown; path = README.md; sourceTree = "<group>"; };
		8D23C1EA2B02CD9800F7D878 /* LICENSE.md */ = {isa = PBXFileReference; lastKnownFileType = net.daringfireball.markdown; path = LICENSE.md; sourceTree = "<group>"; };
		8D23C1ED2B02D00700F7D878 /* swashteroids.png */ = {isa = PBXFileReference; lastKnownFileType = image.png; path = swashteroids.png; sourceTree = "<group>"; };
		8D384D8F2B28F30D00D5564C /* SwashteroidsTests.xctest */ = {isa = PBXFileReference; explicitFileType = wrapper.cfbundle; includeInIndex = 0; path = SwashteroidsTests.xctest; sourceTree = BUILT_PRODUCTS_DIR; };
		8D384D982B28F3F300D5564C /* TorpedoAgeSystemTests.swift */ = {isa = PBXFileReference; fileEncoding = 4; lastKnownFileType = sourcecode.swift; path = TorpedoAgeSystemTests.swift; sourceTree = "<group>"; };
		8D384D992B28F3F300D5564C /* AnimationTests.swift */ = {isa = PBXFileReference; fileEncoding = 4; lastKnownFileType = sourcecode.swift; path = AnimationTests.swift; sourceTree = "<group>"; };
		8D41E2102B1E64530031AF54 /* ChangeShipControlsStateComponent.swift */ = {isa = PBXFileReference; lastKnownFileType = sourcecode.swift; path = ChangeShipControlsStateComponent.swift; sourceTree = "<group>"; };
		8D41E2122B1E65950031AF54 /* ShipControlsStateNode.swift */ = {isa = PBXFileReference; fileEncoding = 4; lastKnownFileType = sourcecode.swift; path = ShipControlsStateNode.swift; sourceTree = "<group>"; };
		8D41E2142B1E66820031AF54 /* TransitionAppStateNode.swift */ = {isa = PBXFileReference; lastKnownFileType = sourcecode.swift; path = TransitionAppStateNode.swift; sourceTree = "<group>"; };
		8D41E2162B1E66EE0031AF54 /* ShipControlsSystem.swift */ = {isa = PBXFileReference; lastKnownFileType = sourcecode.swift; path = ShipControlsSystem.swift; sourceTree = "<group>"; };
		8D41E2182B1E7AB00031AF54 /* SwashSpriteNode.swift */ = {isa = PBXFileReference; lastKnownFileType = sourcecode.swift; path = SwashSpriteNode.swift; sourceTree = "<group>"; };
		8D41E21C2B1F988E0031AF54 /* TorpedosComponent.swift */ = {isa = PBXFileReference; lastKnownFileType = sourcecode.swift; path = TorpedosComponent.swift; sourceTree = "<group>"; };
		8D41E21E2B1FA2D00031AF54 /* Entity+extension.swift */ = {isa = PBXFileReference; lastKnownFileType = sourcecode.swift; path = "Entity+extension.swift"; sourceTree = "<group>"; };
		8D4627652B251761007F01E6 /* powerup.wav */ = {isa = PBXFileReference; lastKnownFileType = audio.wav; path = powerup.wav; sourceTree = "<group>"; };
		8D512A982B41B47D00C30AC7 /* AccelerometerSystemTests.swift */ = {isa = PBXFileReference; lastKnownFileType = sourcecode.swift; path = AccelerometerSystemTests.swift; sourceTree = "<group>"; };
		8D512A9A2B41C12000C30AC7 /* AccelerometerSystem.swift */ = {isa = PBXFileReference; lastKnownFileType = sourcecode.swift; path = AccelerometerSystem.swift; sourceTree = "<group>"; };
		8D59EDDD2B138ED6003BD073 /* Badloc ICG.ttf */ = {isa = PBXFileReference; lastKnownFileType = file; path = "Badloc ICG.ttf"; sourceTree = "<group>"; };
		8D6305462B2678A000002F57 /* hyperspacePowerUp.sks */ = {isa = PBXFileReference; lastKnownFileType = file.sks; path = hyperspacePowerUp.sks; sourceTree = "<group>"; };
		8D651D6B2B278BB30088AEEF /* Swashteroids+SKSceneDelegate.swift */ = {isa = PBXFileReference; lastKnownFileType = sourcecode.swift; path = "Swashteroids+SKSceneDelegate.swift"; sourceTree = "<group>"; };
		8D651D6D2B278C1C0088AEEF /* Swashteroids+TouchDelegate.swift */ = {isa = PBXFileReference; lastKnownFileType = sourcecode.swift; path = "Swashteroids+TouchDelegate.swift"; sourceTree = "<group>"; };
		8D688FBC2B0680D900056CD3 /* hyperspace.wav */ = {isa = PBXFileReference; lastKnownFileType = audio.wav; path = hyperspace.wav; sourceTree = "<group>"; };
		8D688FBE2B068E2200056CD3 /* Info.plist */ = {isa = PBXFileReference; lastKnownFileType = text.plist; path = Info.plist; sourceTree = "<group>"; };
		8D6A0DFE2B0AB64A00F2E137 /* GameOverView.swift */ = {isa = PBXFileReference; lastKnownFileType = sourcecode.swift; path = GameOverView.swift; sourceTree = "<group>"; };
		8D6A0E002B0AB82E00F2E137 /* GameOverComponent.swift */ = {isa = PBXFileReference; lastKnownFileType = sourcecode.swift; path = GameOverComponent.swift; sourceTree = "<group>"; };
		8D6A0E022B0AB84B00F2E137 /* GameOverNode.swift */ = {isa = PBXFileReference; lastKnownFileType = sourcecode.swift; path = GameOverNode.swift; sourceTree = "<group>"; };
		8D6AD4B32B09D2B000E258BF /* Engine+extension.swift */ = {isa = PBXFileReference; fileEncoding = 4; lastKnownFileType = sourcecode.swift; path = "Engine+extension.swift"; sourceTree = "<group>"; };
		8D6D81542B1A562900AD8D18 /* braam-6150.wav */ = {isa = PBXFileReference; lastKnownFileType = audio.wav; path = "braam-6150.wav"; sourceTree = "<group>"; };
		8D6D81562B1A5EC200AD8D18 /* NoButtonsInfo.sks */ = {isa = PBXFileReference; lastKnownFileType = file.sks; path = NoButtonsInfo.sks; sourceTree = "<group>"; };
		8D6D81582B1A648400AD8D18 /* StartScene.sks */ = {isa = PBXFileReference; lastKnownFileType = file.sks; path = StartScene.sks; sourceTree = "<group>"; };
		8D6D815E2B1A7A9E00AD8D18 /* ButtonsInfo.sks */ = {isa = PBXFileReference; lastKnownFileType = file.sks; path = ButtonsInfo.sks; sourceTree = "<group>"; };
		8D6D81602B1AB09500AD8D18 /* AudioPlayer.swift */ = {isa = PBXFileReference; lastKnownFileType = sourcecode.swift; path = AudioPlayer.swift; sourceTree = "<group>"; };
		8D6D81622B1AC52200AD8D18 /* toggle.wav */ = {isa = PBXFileReference; lastKnownFileType = audio.wav; path = toggle.wav; sourceTree = "<group>"; };
		8D714E2D2B3535DC009E1586 /* SKSpriteNode+extensions.swift */ = {isa = PBXFileReference; lastKnownFileType = sourcecode.swift; path = "SKSpriteNode+extensions.swift"; sourceTree = "<group>"; };
		8D8A51192B16880500A5F254 /* plasmaTorpedoesPowerUp.sks */ = {isa = PBXFileReference; lastKnownFileType = file.sks; path = plasmaTorpedoesPowerUp.sks; sourceTree = "<group>"; };
		8D9DEF632B059E3800064B01 /* HyperspaceJumpComponent.swift */ = {isa = PBXFileReference; lastKnownFileType = sourcecode.swift; path = HyperspaceJumpComponent.swift; sourceTree = "<group>"; };
		8D9DEF652B059EC400064B01 /* HyperspaceNode.swift */ = {isa = PBXFileReference; lastKnownFileType = sourcecode.swift; path = HyperspaceNode.swift; sourceTree = "<group>"; };
		8D9DEF672B059F2800064B01 /* HyperspaceSystem.swift */ = {isa = PBXFileReference; lastKnownFileType = sourcecode.swift; path = HyperspaceSystem.swift; sourceTree = "<group>"; };
		8DA97A952B23581100E7495A /* Int+SystemPriorities.swift */ = {isa = PBXFileReference; lastKnownFileType = sourcecode.swift; path = "Int+SystemPriorities.swift"; sourceTree = "<group>"; };
		8DB409EB2B1D3C6F008DE4EB /* TransitionAppStateComponent.swift */ = {isa = PBXFileReference; lastKnownFileType = sourcecode.swift; path = TransitionAppStateComponent.swift; sourceTree = "<group>"; };
		8DB99F512B2BE7D700C3593A /* TestingAppDelegate.swift */ = {isa = PBXFileReference; lastKnownFileType = sourcecode.swift; path = TestingAppDelegate.swift; sourceTree = "<group>"; };
		8DB99F532B2BE81800C3593A /* main.swift */ = {isa = PBXFileReference; lastKnownFileType = sourcecode.swift; path = main.swift; sourceTree = "<group>"; };
		8DB99F552B2BE92B00C3593A /* Swashteroids.xctestplan */ = {isa = PBXFileReference; lastKnownFileType = text; name = Swashteroids.xctestplan; path = SwashteroidsTests/Swashteroids.xctestplan; sourceTree = "<group>"; };
		8DB99F562B2BE9EE00C3593A /* RenderSystemTests.swift */ = {isa = PBXFileReference; lastKnownFileType = sourcecode.swift; path = RenderSystemTests.swift; sourceTree = "<group>"; };
		8DB99F582B2BF2A700C3593A /* GameOverSystemTests.swift */ = {isa = PBXFileReference; lastKnownFileType = sourcecode.swift; path = GameOverSystemTests.swift; sourceTree = "<group>"; };
		8DB99F5A2B2C9B4500C3593A /* TransitionAppStateSystemTests.swift */ = {isa = PBXFileReference; lastKnownFileType = sourcecode.swift; path = TransitionAppStateSystemTests.swift; sourceTree = "<group>"; };
		8DB99F762B2D363E00C3593A /* Swashteroids.entitlements */ = {isa = PBXFileReference; lastKnownFileType = text.plist.entitlements; path = Swashteroids.entitlements; sourceTree = "<group>"; };
		8DD26DC82B22D7E300DA5BC3 /* AccelerometerNode.swift */ = {isa = PBXFileReference; lastKnownFileType = sourcecode.swift; path = AccelerometerNode.swift; sourceTree = "<group>"; };
		8DD26DCA2B22D80600DA5BC3 /* AccelerometerComponent.swift */ = {isa = PBXFileReference; lastKnownFileType = sourcecode.swift; path = AccelerometerComponent.swift; sourceTree = "<group>"; };
		931390C85278CB396AD27B7B /* LeftSystemTests.swift */ = {isa = PBXFileReference; fileEncoding = 4; lastKnownFileType = sourcecode.swift; path = LeftSystemTests.swift; sourceTree = "<group>"; };
		931390D4ADEAB2D4BAFC8C1F /* FlipSystem.swift */ = {isa = PBXFileReference; fileEncoding = 4; lastKnownFileType = sourcecode.swift; path = FlipSystem.swift; sourceTree = "<group>"; };
		931390DB9E3BECA50B2D05CF /* ThrustSystem.swift */ = {isa = PBXFileReference; fileEncoding = 4; lastKnownFileType = sourcecode.swift; path = ThrustSystem.swift; sourceTree = "<group>"; };
		9313921B1C15E7B6BB9E6B36 /* RightSystem.swift */ = {isa = PBXFileReference; fileEncoding = 4; lastKnownFileType = sourcecode.swift; path = RightSystem.swift; sourceTree = "<group>"; };
		931392817415F62A631B78BE /* Transition.swift */ = {isa = PBXFileReference; fileEncoding = 4; lastKnownFileType = sourcecode.swift; path = Transition.swift; sourceTree = "<group>"; };
		931392B2F2F0077756DDF207 /* PauseAlert.swift */ = {isa = PBXFileReference; fileEncoding = 4; lastKnownFileType = sourcecode.swift; path = PauseAlert.swift; sourceTree = "<group>"; };
		931392CF258F1370304A48B7 /* Creator+ShipControlButtons.swift */ = {isa = PBXFileReference; fileEncoding = 4; lastKnownFileType = sourcecode.swift; path = "Creator+ShipControlButtons.swift"; sourceTree = "<group>"; };
		93139323EC193D378DF26BB7 /* RightComponent.swift */ = {isa = PBXFileReference; fileEncoding = 4; lastKnownFileType = sourcecode.swift; path = RightComponent.swift; sourceTree = "<group>"; };
		93139349F91910D60271C8DA /* Transition+Start.swift */ = {isa = PBXFileReference; fileEncoding = 4; lastKnownFileType = sourcecode.swift; path = "Transition+Start.swift"; sourceTree = "<group>"; };
		931393BFA7122C52736144FB /* Transition+GameOver.swift */ = {isa = PBXFileReference; fileEncoding = 4; lastKnownFileType = sourcecode.swift; path = "Transition+GameOver.swift"; sourceTree = "<group>"; };
		931393FE8CC28A572666583C /* ThrustSystemTests.swift */ = {isa = PBXFileReference; fileEncoding = 4; lastKnownFileType = sourcecode.swift; path = ThrustSystemTests.swift; sourceTree = "<group>"; };
		9313941564944F14B4041467 /* GameOverSystem.swift */ = {isa = PBXFileReference; fileEncoding = 4; lastKnownFileType = sourcecode.swift; path = GameOverSystem.swift; sourceTree = "<group>"; };
		93139489970BEA17AF74C95E /* TouchNodes.swift */ = {isa = PBXFileReference; fileEncoding = 4; lastKnownFileType = sourcecode.swift; path = TouchNodes.swift; sourceTree = "<group>"; };
		931394D1D0B636772EE1DFF7 /* String+EntityNames.swift */ = {isa = PBXFileReference; fileEncoding = 4; lastKnownFileType = sourcecode.swift; path = "String+EntityNames.swift"; sourceTree = "<group>"; };
		931395F838B2866767296F25 /* Creator+ShipControlQuadrants.swift */ = {isa = PBXFileReference; fileEncoding = 4; lastKnownFileType = sourcecode.swift; path = "Creator+ShipControlQuadrants.swift"; sourceTree = "<group>"; };
		9313961CB4F5B39D06FE5B0F /* RepeatingAudioNode.swift */ = {isa = PBXFileReference; fileEncoding = 4; lastKnownFileType = sourcecode.swift; path = RepeatingAudioNode.swift; sourceTree = "<group>"; };
		9313964664F31540DA9D0416 /* HyperspaceSystemTests.swift */ = {isa = PBXFileReference; fileEncoding = 4; lastKnownFileType = sourcecode.swift; path = HyperspaceSystemTests.swift; sourceTree = "<group>"; };
		931396DD35CCD39E8E4EDB16 /* InputComponent.swift */ = {isa = PBXFileReference; fileEncoding = 4; lastKnownFileType = sourcecode.swift; path = InputComponent.swift; sourceTree = "<group>"; };
		93139735B7C5C32A3DA6CB9D /* TouchComponents.swift */ = {isa = PBXFileReference; fileEncoding = 4; lastKnownFileType = sourcecode.swift; path = TouchComponents.swift; sourceTree = "<group>"; };
		9313979ABDA67BAEA7682AC7 /* AllSoundsComponent.swift */ = {isa = PBXFileReference; fileEncoding = 4; lastKnownFileType = sourcecode.swift; path = AllSoundsComponent.swift; sourceTree = "<group>"; };
		931397AEAB4946A616156BF7 /* DeathThroesSystemTests.swift */ = {isa = PBXFileReference; fileEncoding = 4; lastKnownFileType = sourcecode.swift; path = DeathThroesSystemTests.swift; sourceTree = "<group>"; };
		931397D7C84D4E580EB51E4D /* ApplyThrustComponent.swift */ = {isa = PBXFileReference; fileEncoding = 4; lastKnownFileType = sourcecode.swift; path = ApplyThrustComponent.swift; sourceTree = "<group>"; };
		931397F86C674AD22210D173 /* Creator+CreateHud.swift */ = {isa = PBXFileReference; fileEncoding = 4; lastKnownFileType = sourcecode.swift; path = "Creator+CreateHud.swift"; sourceTree = "<group>"; };
		9313988C064025FB4880FF1F /* ThrustNode.swift */ = {isa = PBXFileReference; fileEncoding = 4; lastKnownFileType = sourcecode.swift; path = ThrustNode.swift; sourceTree = "<group>"; };
		931398B8B6C228DE4D83EF1C /* Touch.swift */ = {isa = PBXFileReference; fileEncoding = 4; lastKnownFileType = sourcecode.swift; path = Touch.swift; sourceTree = "<group>"; };
		931398E70F42335F03D272DD /* Transition+InfoViews.swift */ = {isa = PBXFileReference; fileEncoding = 4; lastKnownFileType = sourcecode.swift; path = "Transition+InfoViews.swift"; sourceTree = "<group>"; };
		93139949CD856130C98A8834 /* HudSystemTests.swift */ = {isa = PBXFileReference; fileEncoding = 4; lastKnownFileType = sourcecode.swift; path = HudSystemTests.swift; sourceTree = "<group>"; };
		931399840A8AC5987DF6D3D4 /* FireDownComponent.swift */ = {isa = PBXFileReference; fileEncoding = 4; lastKnownFileType = sourcecode.swift; path = FireDownComponent.swift; sourceTree = "<group>"; };
		931399A8022AF1B7FCC53B49 /* RepeatingAudioComponent.swift */ = {isa = PBXFileReference; fileEncoding = 4; lastKnownFileType = sourcecode.swift; path = RepeatingAudioComponent.swift; sourceTree = "<group>"; };
		931399F9256FB8B5F9EBA4E4 /* MovementSystemTests.swift */ = {isa = PBXFileReference; fileEncoding = 4; lastKnownFileType = sourcecode.swift; path = MovementSystemTests.swift; sourceTree = "<group>"; };
		93139A62ACBE6CDFC10158E7 /* MotionControlsComponent.swift */ = {isa = PBXFileReference; fileEncoding = 4; lastKnownFileType = sourcecode.swift; path = MotionControlsComponent.swift; sourceTree = "<group>"; };
		93139A85D4D955B243719D63 /* RepeatingAudioSystem.swift */ = {isa = PBXFileReference; fileEncoding = 4; lastKnownFileType = sourcecode.swift; path = RepeatingAudioSystem.swift; sourceTree = "<group>"; };
		93139A97E15CCF640A73EC56 /* Creator+CreateTorpedo.swift */ = {isa = PBXFileReference; fileEncoding = 4; lastKnownFileType = sourcecode.swift; path = "Creator+CreateTorpedo.swift"; sourceTree = "<group>"; };
		93139B0F783B5FBCD7E56343 /* LeftSystem.swift */ = {isa = PBXFileReference; fileEncoding = 4; lastKnownFileType = sourcecode.swift; path = LeftSystem.swift; sourceTree = "<group>"; };
		93139B1BA616F9CF29C1B194 /* RightSystemTests.swift */ = {isa = PBXFileReference; fileEncoding = 4; lastKnownFileType = sourcecode.swift; path = RightSystemTests.swift; sourceTree = "<group>"; };
		93139BC38DC2F4BF7B9F869A /* LeftComponent.swift */ = {isa = PBXFileReference; fileEncoding = 4; lastKnownFileType = sourcecode.swift; path = LeftComponent.swift; sourceTree = "<group>"; };
		93139BD2BE63CAC32979ABA3 /* HyperspaceEngineComponent.swift */ = {isa = PBXFileReference; fileEncoding = 4; lastKnownFileType = sourcecode.swift; path = HyperspaceEngineComponent.swift; sourceTree = "<group>"; };
		93139C3D0D48098244988F2F /* FlipSystemTest.swift */ = {isa = PBXFileReference; fileEncoding = 4; lastKnownFileType = sourcecode.swift; path = FlipSystemTest.swift; sourceTree = "<group>"; };
		93139C5C73E05D316598047C /* NacelleSystemTest.swift */ = {isa = PBXFileReference; fileEncoding = 4; lastKnownFileType = sourcecode.swift; path = NacelleSystemTest.swift; sourceTree = "<group>"; };
		93139C73A66D8863A166745D /* Creator+CreatePowerUp.swift */ = {isa = PBXFileReference; fileEncoding = 4; lastKnownFileType = sourcecode.swift; path = "Creator+CreatePowerUp.swift"; sourceTree = "<group>"; };
		93139CC64C9CFC7E61D7DCFE /* FlipNode.swift */ = {isa = PBXFileReference; fileEncoding = 4; lastKnownFileType = sourcecode.swift; path = FlipNode.swift; sourceTree = "<group>"; };
		93139D029684C918FEDD3DC1 /* LeftNode.swift */ = {isa = PBXFileReference; fileEncoding = 4; lastKnownFileType = sourcecode.swift; path = LeftNode.swift; sourceTree = "<group>"; };
		93139D4336E12C89FC8BE06B /* TransitionTests.swift */ = {isa = PBXFileReference; fileEncoding = 4; lastKnownFileType = sourcecode.swift; path = TransitionTests.swift; sourceTree = "<group>"; };
		93139DE0BD2F73AFFAEDE2DA /* ScaleManager.swift */ = {isa = PBXFileReference; fileEncoding = 4; lastKnownFileType = sourcecode.swift; path = ScaleManager.swift; sourceTree = "<group>"; };
		93139DE76BF1939914D55E38 /* FiringSystemTests.swift */ = {isa = PBXFileReference; fileEncoding = 4; lastKnownFileType = sourcecode.swift; path = FiringSystemTests.swift; sourceTree = "<group>"; };
		93139DF99E2237817263DF63 /* Transition+Playing.swift */ = {isa = PBXFileReference; fileEncoding = 4; lastKnownFileType = sourcecode.swift; path = "Transition+Playing.swift"; sourceTree = "<group>"; };
		93139E95FF431FF894CFD502 /* Creator+ToggleButton.swift */ = {isa = PBXFileReference; fileEncoding = 4; lastKnownFileType = sourcecode.swift; path = "Creator+ToggleButton.swift"; sourceTree = "<group>"; };
		93139EB3AE52346EF745211F /* FlipComponent.swift */ = {isa = PBXFileReference; fileEncoding = 4; lastKnownFileType = sourcecode.swift; path = FlipComponent.swift; sourceTree = "<group>"; };
		93139EE51DF4C3AE1D381E57 /* Creator+CreateAsteroid.swift */ = {isa = PBXFileReference; fileEncoding = 4; lastKnownFileType = sourcecode.swift; path = "Creator+CreateAsteroid.swift"; sourceTree = "<group>"; };
		93139F43221229D3FBAC46D9 /* Creator+CreateShip.swift */ = {isa = PBXFileReference; fileEncoding = 4; lastKnownFileType = sourcecode.swift; path = "Creator+CreateShip.swift"; sourceTree = "<group>"; };
		93139F7B6117208071E3FE22 /* TransitionAppStateSystem.swift */ = {isa = PBXFileReference; fileEncoding = 4; lastKnownFileType = sourcecode.swift; path = TransitionAppStateSystem.swift; sourceTree = "<group>"; };
		93139FDF0C76049256DAE28C /* RightNode.swift */ = {isa = PBXFileReference; fileEncoding = 4; lastKnownFileType = sourcecode.swift; path = RightNode.swift; sourceTree = "<group>"; };
/* End PBXFileReference section */

/* Begin PBXFrameworksBuildPhase section */
		8D23C12F2B02C4CA00F7D878 /* Frameworks */ = {
			isa = PBXFrameworksBuildPhase;
			buildActionMask = 2147483647;
			files = (
				8D23C14E2B02C4E800F7D878 /* Swash in Frameworks */,
			);
			runOnlyForDeploymentPostprocessing = 0;
		};
		8D384D8C2B28F30D00D5564C /* Frameworks */ = {
			isa = PBXFrameworksBuildPhase;
			buildActionMask = 2147483647;
			files = (
			);
			runOnlyForDeploymentPostprocessing = 0;
		};
/* End PBXFrameworksBuildPhase section */

/* Begin PBXGroup section */
		8D23C1292B02C4C900F7D878 = {
			isa = PBXGroup;
			children = (
				8DB99F552B2BE92B00C3593A /* Swashteroids.xctestplan */,
				8D23C1EC2B02CFAD00F7D878 /* images */,
				8D23C1342B02C4CA00F7D878 /* Swashteroids */,
				8D23C1E82B02CD7E00F7D878 /* README.md */,
				8D23C1EA2B02CD9800F7D878 /* LICENSE.md */,
				8D384D902B28F30D00D5564C /* SwashteroidsTests */,
				8D23C1332B02C4CA00F7D878 /* Products */,
			);
			sourceTree = "<group>";
		};
		8D23C1332B02C4CA00F7D878 /* Products */ = {
			isa = PBXGroup;
			children = (
				8D23C1322B02C4CA00F7D878 /* Swashteroids.app */,
				8D384D8F2B28F30D00D5564C /* SwashteroidsTests.xctest */,
			);
			name = Products;
			sourceTree = "<group>";
		};
		8D23C1342B02C4CA00F7D878 /* Swashteroids */ = {
			isa = PBXGroup;
			children = (
				8DB99F762B2D363E00C3593A /* Swashteroids.entitlements */,
				8D688FBE2B068E2200056CD3 /* Info.plist */,
				8D23C1422B02C4CC00F7D878 /* SwashteroidsAssets.xcassets */,
				8D23C1442B02C4CC00F7D878 /* LaunchScreen.storyboard */,
				8DB99F532B2BE81800C3593A /* main.swift */,
				8D23C1352B02C4CA00F7D878 /* AppDelegate.swift */,
				8D23C13D2B02C4CA00F7D878 /* GameViewController.swift */,
				8D23C13B2B02C4CA00F7D878 /* GameScene.swift */,
				8D23C14F2B02C59B00F7D878 /* Swashteroids.swift */,
				8D651D6D2B278C1C0088AEEF /* Swashteroids+TouchDelegate.swift */,
				8D651D6B2B278BB30088AEEF /* Swashteroids+SKSceneDelegate.swift */,
				8D23C1502B02C59B00F7D878 /* Enums.swift */,
				8DA97A952B23581100E7495A /* Int+SystemPriorities.swift */,
				8D714E2D2B3535DC009E1586 /* SKSpriteNode+extensions.swift */,
				931394D1D0B636772EE1DFF7 /* String+EntityNames.swift */,
				8D6AD4B32B09D2B000E258BF /* Engine+extension.swift */,
				8D23C1E42B02C81D00F7D878 /* CGPoint+extensions.swift */,
				8D23C1E52B02C81D00F7D878 /* Double+extensions.swift */,
				8D23C1762B02C59C00F7D878 /* Hashable+extensions.swift */,
				931398B8B6C228DE4D83EF1C /* Touch.swift */,
				8D23C1892B02C59D00F7D878 /* entities */,
				8D23C1642B02C59C00F7D878 /* components */,
				8D23C1512B02C59C00F7D878 /* nodes */,
				8D23C17B2B02C59C00F7D878 /* systems */,
				8D23C1772B02C59C00F7D878 /* particles */,
				8D23C18C2B02C59D00F7D878 /* sounds */,
				8D23C1972B02C59D00F7D878 /* views */,
				8D59EDDD2B138ED6003BD073 /* Badloc ICG.ttf */,
				93139DE0BD2F73AFFAEDE2DA /* ScaleManager.swift */,
			);
			path = Swashteroids;
			sourceTree = "<group>";
		};
		8D23C1512B02C59C00F7D878 /* nodes */ = {
			isa = PBXGroup;
			children = (
				8DD26DC82B22D7E300DA5BC3 /* AccelerometerNode.swift */,
				8D23C15A2B02C59C00F7D878 /* AnimationNode.swift */,
				8D23C1622B02C59C00F7D878 /* AppStateNode.swift */,
				8D23C1612B02C59C00F7D878 /* AsteroidCollisionNode.swift */,
				8D23C1552B02C59C00F7D878 /* AudioNode.swift */,
				8D23C1562B02C59C00F7D878 /* TorpedoAgeNode.swift */,
				8D23C1572B02C59C00F7D878 /* DeathThroesNode.swift */,
				8D6A0E022B0AB84B00F2E137 /* GameOverNode.swift */,
				8D23C1632B02C59C00F7D878 /* GunControlNode.swift */,
				8D23C15B2B02C59C00F7D878 /* GunSupplierNode.swift */,
				8D23C15E2B02C59C00F7D878 /* HudNode.swift */,
				8D9DEF652B059EC400064B01 /* HyperspaceNode.swift */,
				8D23C1602B02C59C00F7D878 /* MovementNode.swift */,
				8D23C15D2B02C59C00F7D878 /* PlasmaTorpedoCollisionNode.swift */,
				8D23C1532B02C59C00F7D878 /* RenderNode.swift */,
				8D23C1522B02C59C00F7D878 /* ShipCollisionNode.swift */,
				8D41E2122B1E65950031AF54 /* ShipControlsStateNode.swift */,
				8D23C15C2B02C59C00F7D878 /* ShipEngineNode.swift */,
				8D23C1542B02C59C00F7D878 /* ShipNode.swift */,
				8D23C1592B02C59C00F7D878 /* StartNode.swift */,
				93139489970BEA17AF74C95E /* TouchNodes.swift */,
				8D41E2142B1E66820031AF54 /* TransitionAppStateNode.swift */,
				9313961CB4F5B39D06FE5B0F /* RepeatingAudioNode.swift */,
				93139D029684C918FEDD3DC1 /* LeftNode.swift */,
				93139FDF0C76049256DAE28C /* RightNode.swift */,
				93139CC64C9CFC7E61D7DCFE /* FlipNode.swift */,
				9313988C064025FB4880FF1F /* ThrustNode.swift */,
			);
			path = nodes;
			sourceTree = "<group>";
		};
		8D23C1642B02C59C00F7D878 /* components */ = {
			isa = PBXGroup;
			children = (
				8DD26DCA2B22D80600DA5BC3 /* AccelerometerComponent.swift */,
				8D23C1692B02C59C00F7D878 /* AnimationComponent.swift */,
				8D23C16A2B02C59C00F7D878 /* AsteroidComponent.swift */,
				8D23C1682B02C59C00F7D878 /* AudioComponent.swift */,
				8D41E2102B1E64530031AF54 /* ChangeShipControlsStateComponent.swift */,
				8D23C1742B02C59C00F7D878 /* CollisionComponent.swift */,
				8D23C16D2B02C59C00F7D878 /* DeathThroesComponent.swift */,
				8D23C1702B02C59C00F7D878 /* DisplayComponent.swift */,
				8D6A0E002B0AB82E00F2E137 /* GameOverComponent.swift */,
				8D23C1672B02C59C00F7D878 /* AppStateComponent.swift */,
				8D23C16F2B02C59C00F7D878 /* GunComponent.swift */,
				8D23C1732B02C59C00F7D878 /* HudComponent.swift */,
				8D9DEF632B059E3800064B01 /* HyperspaceJumpComponent.swift */,
				931396DD35CCD39E8E4EDB16 /* InputComponent.swift */,
				8D23C16C2B02C59C00F7D878 /* MotionComponent.swift */,
				8D23C1652B02C59C00F7D878 /* PlasmaTorpedoComponent.swift */,
				8D23C1722B02C59C00F7D878 /* PositionComponent.swift */,
				8D23C16B2B02C59C00F7D878 /* ShipComponent.swift */,
				8D23C1752B02C59C00F7D878 /* StartComponent.swift */,
				8D41E21C2B1F988E0031AF54 /* TorpedosComponent.swift */,
				93139735B7C5C32A3DA6CB9D /* TouchComponents.swift */,
				8DB409EB2B1D3C6F008DE4EB /* TransitionAppStateComponent.swift */,
				931399840A8AC5987DF6D3D4 /* FireDownComponent.swift */,
				8D23C1662B02C59C00F7D878 /* WarpDriveComponent.swift */,
				9313979ABDA67BAEA7682AC7 /* AllSoundsComponent.swift */,
				93139A62ACBE6CDFC10158E7 /* MotionControlsComponent.swift */,
				93139EB3AE52346EF745211F /* FlipComponent.swift */,
				93139BC38DC2F4BF7B9F869A /* LeftComponent.swift */,
				93139323EC193D378DF26BB7 /* RightComponent.swift */,
				931397D7C84D4E580EB51E4D /* ApplyThrustComponent.swift */,
				931399A8022AF1B7FCC53B49 /* RepeatingAudioComponent.swift */,
				93139BD2BE63CAC32979ABA3 /* HyperspaceEngineComponent.swift */,
			);
			path = components;
			sourceTree = "<group>";
		};
		8D23C1772B02C59C00F7D878 /* particles */ = {
			isa = PBXGroup;
			children = (
				8D23C17A2B02C59C00F7D878 /* hyperspace.sks */,
				8D6305462B2678A000002F57 /* hyperspacePowerUp.sks */,
				8D8A51192B16880500A5F254 /* plasmaTorpedoesPowerUp.sks */,
				8D23C1782B02C59C00F7D878 /* shipExplosion.sks */,
				8D23C1792B02C59C00F7D878 /* plasmaTorpedo.sks */,
			);
			path = particles;
			sourceTree = "<group>";
		};
		8D23C17B2B02C59C00F7D878 /* systems */ = {
			isa = PBXGroup;
			children = (
				8D6AD48B2B099F9900E258BF /* list_iterating */,
				8D23C17C2B02C59C00F7D878 /* CollisionSystem.swift */,
				8D23C17F2B02C59C00F7D878 /* FiringSystem.swift */,
				8D23C1822B02C59C00F7D878 /* GameManagerSystem.swift */,
				8D23C1882B02C59C00F7D878 /* RenderSystem.swift */,
			);
			path = systems;
			sourceTree = "<group>";
		};
		8D23C1892B02C59D00F7D878 /* entities */ = {
			isa = PBXGroup;
			children = (
				8D23C18A2B02C59D00F7D878 /* Creator.swift */,
				93139EE51DF4C3AE1D381E57 /* Creator+CreateAsteroid.swift */,
				931397F86C674AD22210D173 /* Creator+CreateHud.swift */,
				93139C73A66D8863A166745D /* Creator+CreatePowerUp.swift */,
				93139F43221229D3FBAC46D9 /* Creator+CreateShip.swift */,
				93139A97E15CCF640A73EC56 /* Creator+CreateTorpedo.swift */,
				931392CF258F1370304A48B7 /* Creator+ShipControlButtons.swift */,
				931395F838B2866767296F25 /* Creator+ShipControlQuadrants.swift */,
				93139E95FF431FF894CFD502 /* Creator+ToggleButton.swift */,
				8D41E21E2B1FA2D00031AF54 /* Entity+extension.swift */,
				931392817415F62A631B78BE /* Transition.swift */,
				931393BFA7122C52736144FB /* Transition+GameOver.swift */,
				931398E70F42335F03D272DD /* Transition+InfoViews.swift */,
				93139DF99E2237817263DF63 /* Transition+Playing.swift */,
				93139349F91910D60271C8DA /* Transition+Start.swift */,
			);
			path = entities;
			sourceTree = "<group>";
		};
		8D23C18C2B02C59D00F7D878 /* sounds */ = {
			isa = PBXGroup;
			children = (
				8D6D81542B1A562900AD8D18 /* braam-6150.wav */,
				8D23C18F2B02C59D00F7D878 /* bangLarge.wav */,
				8D23C1942B02C59D00F7D878 /* bangMedium.wav */,
				8D23C1932B02C59D00F7D878 /* bangSmall.wav */,
				8D23C1962B02C59D00F7D878 /* beat1.wav */,
				8D23C1952B02C59D00F7D878 /* beat2.wav */,
				8D23C1922B02C59D00F7D878 /* extraShip.wav */,
				8D6D81622B1AC52200AD8D18 /* toggle.wav */,
				8D23C1912B02C59D00F7D878 /* fire.wav */,
				8D688FBC2B0680D900056CD3 /* hyperspace.wav */,
				8D4627652B251761007F01E6 /* powerup.wav */,
				8D23C18E2B02C59D00F7D878 /* saucerBig.wav */,
				8D23C18D2B02C59D00F7D878 /* saucerSmall.wav */,
				8D23C1902B02C59D00F7D878 /* thrust.wav */,
				8D6D81602B1AB09500AD8D18 /* AudioPlayer.swift */,
			);
			path = sounds;
			sourceTree = "<group>";
		};
		8D23C1972B02C59D00F7D878 /* views */ = {
			isa = PBXGroup;
			children = (
				8D41E2182B1E7AB00031AF54 /* SwashSpriteNode.swift */,
				8D6D81562B1A5EC200AD8D18 /* NoButtonsInfo.sks */,
				8D6D815E2B1A7A9E00AD8D18 /* ButtonsInfo.sks */,
				8D6D81582B1A648400AD8D18 /* StartScene.sks */,
				8D23C1982B02C59D00F7D878 /* Create_Texture.swift */,
				8D23C19B2B02C59D00F7D878 /* TorpedosView.swift */,
				8D23C1992B02C59D00F7D878 /* HudView.swift */,
				8D23C19A2B02C59D00F7D878 /* SKNode+extensions.swift */,
				8D23C19C2B02C59D00F7D878 /* StartView.swift */,
				8D6A0DFE2B0AB64A00F2E137 /* GameOverView.swift */,
				931392B2F2F0077756DDF207 /* PauseAlert.swift */,
			);
			path = views;
			sourceTree = "<group>";
		};
		8D23C1EC2B02CFAD00F7D878 /* images */ = {
			isa = PBXGroup;
			children = (
				8D23C1ED2B02D00700F7D878 /* swashteroids.png */,
			);
			path = images;
			sourceTree = "<group>";
		};
		8D384D902B28F30D00D5564C /* SwashteroidsTests */ = {
			isa = PBXGroup;
			children = (
				8DB99F512B2BE7D700C3593A /* TestingAppDelegate.swift */,
				8D384D992B28F3F300D5564C /* AnimationTests.swift */,
				8D384D982B28F3F300D5564C /* TorpedoAgeSystemTests.swift */,
				8DB99F582B2BF2A700C3593A /* GameOverSystemTests.swift */,
				9313964664F31540DA9D0416 /* HyperspaceSystemTests.swift */,
				931399F9256FB8B5F9EBA4E4 /* MovementSystemTests.swift */,
				8DB99F562B2BE9EE00C3593A /* RenderSystemTests.swift */,
				8DB99F5A2B2C9B4500C3593A /* TransitionAppStateSystemTests.swift */,
				93139D4336E12C89FC8BE06B /* TransitionTests.swift */,
				93139949CD856130C98A8834 /* HudSystemTests.swift */,
				8D512A982B41B47D00C30AC7 /* AccelerometerSystemTests.swift */,
				931390C85278CB396AD27B7B /* LeftSystemTests.swift */,
				93139B1BA616F9CF29C1B194 /* RightSystemTests.swift */,
				93139C3D0D48098244988F2F /* FlipSystemTest.swift */,
				931393FE8CC28A572666583C /* ThrustSystemTests.swift */,
				93139C5C73E05D316598047C /* NacelleSystemTest.swift */,
				931397AEAB4946A616156BF7 /* DeathThroesSystemTests.swift */,
				93139DE76BF1939914D55E38 /* FiringSystemTests.swift */,
			);
			path = SwashteroidsTests;
			sourceTree = "<group>";
		};
		8D6AD48B2B099F9900E258BF /* list_iterating */ = {
			isa = PBXGroup;
			children = (
				8D23C1852B02C59C00F7D878 /* AnimationSystem.swift */,
				8D23C17E2B02C59C00F7D878 /* AudioSystem.swift */,
				8D23C1802B02C59C00F7D878 /* TorpedoAgeSystem.swift */,
				8D23C1832B02C59C00F7D878 /* DeathThroesSystem.swift */,
				9313941564944F14B4041467 /* GameOverSystem.swift */,
				8D23C1842B02C59C00F7D878 /* HudSystem.swift */,
				8D9DEF672B059F2800064B01 /* HyperspaceSystem.swift */,
				8D512A9A2B41C12000C30AC7 /* AccelerometerSystem.swift */,
				8D23C1872B02C59C00F7D878 /* MovementSystem.swift */,
				8D41E2162B1E66EE0031AF54 /* ShipControlsSystem.swift */,
				8D23C17D2B02C59C00F7D878 /* NacellesSystem.swift */,
				93139F7B6117208071E3FE22 /* TransitionAppStateSystem.swift */,
				93139A85D4D955B243719D63 /* RepeatingAudioSystem.swift */,
				93139B0F783B5FBCD7E56343 /* LeftSystem.swift */,
				9313921B1C15E7B6BB9E6B36 /* RightSystem.swift */,
				931390DB9E3BECA50B2D05CF /* ThrustSystem.swift */,
				931390D4ADEAB2D4BAFC8C1F /* FlipSystem.swift */,
			);
			name = list_iterating;
			sourceTree = "<group>";
		};
/* End PBXGroup section */

/* Begin PBXNativeTarget section */
		8D23C1312B02C4CA00F7D878 /* Swashteroids */ = {
			isa = PBXNativeTarget;
			buildConfigurationList = 8D23C1492B02C4CC00F7D878 /* Build configuration list for PBXNativeTarget "Swashteroids" */;
			buildPhases = (
				8D23C12E2B02C4CA00F7D878 /* Sources */,
				8D23C12F2B02C4CA00F7D878 /* Frameworks */,
				8D23C1302B02C4CA00F7D878 /* Resources */,
			);
			buildRules = (
			);
			dependencies = (
			);
			name = Swashteroids;
			packageProductDependencies = (
				8D23C14D2B02C4E800F7D878 /* Swash */,
			);
			productName = Swashteroids;
			productReference = 8D23C1322B02C4CA00F7D878 /* Swashteroids.app */;
			productType = "com.apple.product-type.application";
		};
		8D384D8E2B28F30D00D5564C /* SwashteroidsTests */ = {
			isa = PBXNativeTarget;
			buildConfigurationList = 8D384D952B28F30D00D5564C /* Build configuration list for PBXNativeTarget "SwashteroidsTests" */;
			buildPhases = (
				8D384D8B2B28F30D00D5564C /* Sources */,
				8D384D8C2B28F30D00D5564C /* Frameworks */,
				8D384D8D2B28F30D00D5564C /* Resources */,
			);
			buildRules = (
			);
			dependencies = (
				8D384D942B28F30D00D5564C /* PBXTargetDependency */,
			);
			name = SwashteroidsTests;
			productName = SwashteroidsTests;
			productReference = 8D384D8F2B28F30D00D5564C /* SwashteroidsTests.xctest */;
			productType = "com.apple.product-type.bundle.unit-test";
		};
/* End PBXNativeTarget section */

/* Begin PBXProject section */
		8D23C12A2B02C4C900F7D878 /* Project object */ = {
			isa = PBXProject;
			attributes = {
				BuildIndependentTargetsInParallel = 1;
				LastSwiftUpdateCheck = 1500;
				LastUpgradeCheck = 1500;
				TargetAttributes = {
					8D23C1312B02C4CA00F7D878 = {
						CreatedOnToolsVersion = 15.0;
					};
					8D384D8E2B28F30D00D5564C = {
						CreatedOnToolsVersion = 15.0.1;
						TestTargetID = 8D23C1312B02C4CA00F7D878;
					};
				};
			};
			buildConfigurationList = 8D23C12D2B02C4C900F7D878 /* Build configuration list for PBXProject "Swashteroids" */;
			compatibilityVersion = "Xcode 14.0";
			developmentRegion = en;
			hasScannedForEncodings = 0;
			knownRegions = (
				en,
				Base,
			);
			mainGroup = 8D23C1292B02C4C900F7D878;
			packageReferences = (
				8D23C14C2B02C4E800F7D878 /* XCRemoteSwiftPackageReference "Swash" */,
			);
			productRefGroup = 8D23C1332B02C4CA00F7D878 /* Products */;
			projectDirPath = "";
			projectRoot = "";
			targets = (
				8D23C1312B02C4CA00F7D878 /* Swashteroids */,
				8D384D8E2B28F30D00D5564C /* SwashteroidsTests */,
			);
		};
/* End PBXProject section */

/* Begin PBXResourcesBuildPhase section */
		8D23C1302B02C4CA00F7D878 /* Resources */ = {
			isa = PBXResourcesBuildPhase;
			buildActionMask = 2147483647;
			files = (
				8D59EDDE2B139088003BD073 /* Badloc ICG.ttf in Resources */,
				8D23C1DE2B02C59D00F7D878 /* beat1.wav in Resources */,
				8D23C1EE2B02D00700F7D878 /* swashteroids.png in Resources */,
				8D6D815F2B1A7A9E00AD8D18 /* ButtonsInfo.sks in Resources */,
				8D23C1D92B02C59D00F7D878 /* fire.wav in Resources */,
				8D23C1C52B02C59D00F7D878 /* hyperspace.sks in Resources */,
				8D23C1DC2B02C59D00F7D878 /* bangMedium.wav in Resources */,
				8D23C1C32B02C59D00F7D878 /* shipExplosion.sks in Resources */,
				8D6D81592B1A648400AD8D18 /* StartScene.sks in Resources */,
				8D6D81572B1A5EC200AD8D18 /* NoButtonsInfo.sks in Resources */,
				8D23C1D82B02C59D00F7D878 /* thrust.wav in Resources */,
				8D23C1D72B02C59D00F7D878 /* bangLarge.wav in Resources */,
				8D6305472B2678A000002F57 /* hyperspacePowerUp.sks in Resources */,
				8D6D81552B1A562900AD8D18 /* braam-6150.wav in Resources */,
				8D23C1DA2B02C59D00F7D878 /* extraShip.wav in Resources */,
				8D23C1D62B02C59D00F7D878 /* saucerBig.wav in Resources */,
				8D688FBD2B0680D900056CD3 /* hyperspace.wav in Resources */,
				8D23C1EB2B02CD9800F7D878 /* LICENSE.md in Resources */,
				8D23C1432B02C4CC00F7D878 /* SwashteroidsAssets.xcassets in Resources */,
				8D23C1E92B02CD7E00F7D878 /* README.md in Resources */,
				8D23C1C42B02C59D00F7D878 /* plasmaTorpedo.sks in Resources */,
				8D4627662B251761007F01E6 /* powerup.wav in Resources */,
				8D8A511A2B16880500A5F254 /* plasmaTorpedoesPowerUp.sks in Resources */,
				8D23C1462B02C4CC00F7D878 /* LaunchScreen.storyboard in Resources */,
				8D23C1DB2B02C59D00F7D878 /* bangSmall.wav in Resources */,
				8D6D81632B1AC52200AD8D18 /* toggle.wav in Resources */,
				8D23C1D52B02C59D00F7D878 /* saucerSmall.wav in Resources */,
				8D23C1DD2B02C59D00F7D878 /* beat2.wav in Resources */,
			);
			runOnlyForDeploymentPostprocessing = 0;
		};
		8D384D8D2B28F30D00D5564C /* Resources */ = {
			isa = PBXResourcesBuildPhase;
			buildActionMask = 2147483647;
			files = (
			);
			runOnlyForDeploymentPostprocessing = 0;
		};
/* End PBXResourcesBuildPhase section */

/* Begin PBXSourcesBuildPhase section */
		8D23C12E2B02C4CA00F7D878 /* Sources */ = {
			isa = PBXSourcesBuildPhase;
			buildActionMask = 2147483647;
			files = (
				8D23C1E12B02C59D00F7D878 /* SKNode+extensions.swift in Sources */,
				8D23C19E2B02C59D00F7D878 /* Enums.swift in Sources */,
				8D23C1E62B02C81D00F7D878 /* CGPoint+extensions.swift in Sources */,
				8D6AD4B42B09D2B000E258BF /* Engine+extension.swift in Sources */,
				8D23C1D12B02C59D00F7D878 /* MovementSystem.swift in Sources */,
				8D23C1BF2B02C59D00F7D878 /* HudComponent.swift in Sources */,
				8D23C1C02B02C59D00F7D878 /* CollisionComponent.swift in Sources */,
				8D651D6C2B278BB30088AEEF /* Swashteroids+SKSceneDelegate.swift in Sources */,
				8D41E2112B1E64530031AF54 /* ChangeShipControlsStateComponent.swift in Sources */,
				8D23C19D2B02C59D00F7D878 /* Swashteroids.swift in Sources */,
				8D23C1B02B02C59D00F7D878 /* GunControlNode.swift in Sources */,
				8D23C1B92B02C59D00F7D878 /* DeathThroesComponent.swift in Sources */,
				8D41E2152B1E66820031AF54 /* TransitionAppStateNode.swift in Sources */,
				8D23C1CF2B02C59D00F7D878 /* AnimationSystem.swift in Sources */,
				8D6D81612B1AB09500AD8D18 /* AudioPlayer.swift in Sources */,
				8D23C1CD2B02C59D00F7D878 /* DeathThroesSystem.swift in Sources */,
				8D23C1B22B02C59D00F7D878 /* WarpDriveComponent.swift in Sources */,
				8D23C1B12B02C59D00F7D878 /* PlasmaTorpedoComponent.swift in Sources */,
				8D23C19F2B02C59D00F7D878 /* ShipCollisionNode.swift in Sources */,
				8D23C1C62B02C59D00F7D878 /* CollisionSystem.swift in Sources */,
				8D41E2192B1E7AB00031AF54 /* SwashSpriteNode.swift in Sources */,
				8D41E2132B1E65950031AF54 /* ShipControlsStateNode.swift in Sources */,
				8D23C1A32B02C59D00F7D878 /* TorpedoAgeNode.swift in Sources */,
				8D23C1AE2B02C59D00F7D878 /* AsteroidCollisionNode.swift in Sources */,
				8D23C1A12B02C59D00F7D878 /* ShipNode.swift in Sources */,
				8D23C1E02B02C59D00F7D878 /* HudView.swift in Sources */,
				8D23C1A02B02C59D00F7D878 /* RenderNode.swift in Sources */,
				8D23C1AF2B02C59D00F7D878 /* AppStateNode.swift in Sources */,
				8D23C1C82B02C59D00F7D878 /* AudioSystem.swift in Sources */,
				8D23C1B72B02C59D00F7D878 /* ShipComponent.swift in Sources */,
				8D6A0DFF2B0AB64A00F2E137 /* GameOverView.swift in Sources */,
				8D23C1AD2B02C59D00F7D878 /* MovementNode.swift in Sources */,
				8D23C1A72B02C59D00F7D878 /* AnimationNode.swift in Sources */,
				8D23C13C2B02C4CA00F7D878 /* GameScene.swift in Sources */,
				8D23C1B82B02C59D00F7D878 /* MotionComponent.swift in Sources */,
				8D23C1BE2B02C59D00F7D878 /* PositionComponent.swift in Sources */,
				8D41E2172B1E66EE0031AF54 /* ShipControlsSystem.swift in Sources */,
				8D6A0E012B0AB82E00F2E137 /* GameOverComponent.swift in Sources */,
				8D23C1A42B02C59D00F7D878 /* DeathThroesNode.swift in Sources */,
				8D23C1A82B02C59D00F7D878 /* GunSupplierNode.swift in Sources */,
				8D71C0472B3603CF004D6D0C /* ScaleManager.swift in Sources */,
				8D23C1B42B02C59D00F7D878 /* AudioComponent.swift in Sources */,
				8D23C1A62B02C59D00F7D878 /* StartNode.swift in Sources */,
				8D23C1CE2B02C59D00F7D878 /* HudSystem.swift in Sources */,
				8D23C1B52B02C59D00F7D878 /* AnimationComponent.swift in Sources */,
				8D23C1C92B02C59D00F7D878 /* FiringSystem.swift in Sources */,
				8D23C1B32B02C59D00F7D878 /* AppStateComponent.swift in Sources */,
				8D23C1C22B02C59D00F7D878 /* Hashable+extensions.swift in Sources */,
				8D23C1CA2B02C59D00F7D878 /* TorpedoAgeSystem.swift in Sources */,
				8D651D6E2B278C1C0088AEEF /* Swashteroids+TouchDelegate.swift in Sources */,
				8D23C1B62B02C59D00F7D878 /* AsteroidComponent.swift in Sources */,
				8D23C1C72B02C59D00F7D878 /* NacellesSystem.swift in Sources */,
				8D23C1A22B02C59D00F7D878 /* AudioNode.swift in Sources */,
				8D23C1BC2B02C59D00F7D878 /* DisplayComponent.swift in Sources */,
				8D23C1D22B02C59D00F7D878 /* RenderSystem.swift in Sources */,
				8D23C1AB2B02C59D00F7D878 /* HudNode.swift in Sources */,
				8D23C1E32B02C59D00F7D878 /* StartView.swift in Sources */,
				8D23C13E2B02C4CA00F7D878 /* GameViewController.swift in Sources */,
				8D41E21D2B1F988E0031AF54 /* TorpedosComponent.swift in Sources */,
				8DD26DC92B22D7E300DA5BC3 /* AccelerometerNode.swift in Sources */,
				8D23C1E72B02C81D00F7D878 /* Double+extensions.swift in Sources */,
				8D9DEF682B059F2800064B01 /* HyperspaceSystem.swift in Sources */,
				8D714E2E2B3535DC009E1586 /* SKSpriteNode+extensions.swift in Sources */,
				8D23C1BB2B02C59D00F7D878 /* GunComponent.swift in Sources */,
				8D6A0E032B0AB84B00F2E137 /* GameOverNode.swift in Sources */,
				8D9DEF642B059E3800064B01 /* HyperspaceJumpComponent.swift in Sources */,
				8D9DEF662B059EC400064B01 /* HyperspaceNode.swift in Sources */,
				8D23C1C12B02C59D00F7D878 /* StartComponent.swift in Sources */,
				8D23C1362B02C4CA00F7D878 /* AppDelegate.swift in Sources */,
				8D23C1E22B02C59D00F7D878 /* TorpedosView.swift in Sources */,
				8D23C1DF2B02C59D00F7D878 /* Create_Texture.swift in Sources */,
				8D23C1CC2B02C59D00F7D878 /* GameManagerSystem.swift in Sources */,
				8D23C1AA2B02C59D00F7D878 /* PlasmaTorpedoCollisionNode.swift in Sources */,
				8D41E21F2B1FA2D00031AF54 /* Entity+extension.swift in Sources */,
				8DD26DCB2B22D80600DA5BC3 /* AccelerometerComponent.swift in Sources */,
				8D512A9D2B41C15600C30AC7 /* AccelerometerSystem.swift in Sources */,
				8D23C1A92B02C59D00F7D878 /* ShipEngineNode.swift in Sources */,
				8DB409EC2B1D3C6F008DE4EB /* TransitionAppStateComponent.swift in Sources */,
				8D23C1D32B02C59D00F7D878 /* Creator.swift in Sources */,
				931393799C3434FBF3FC0CCD /* InputComponent.swift in Sources */,
				93139920B1CB722DC9509E80 /* TransitionAppStateSystem.swift in Sources */,
				8DB99F542B2BE81800C3593A /* main.swift in Sources */,
				9313996B7589CCA869842E12 /* TouchComponents.swift in Sources */,
				931398FFEAC38E75EF83728C /* TouchNodes.swift in Sources */,
				931398712D4F259FF98C62AA /* Touch.swift in Sources */,
				9313996AA764792E9B8670A5 /* FireDownComponent.swift in Sources */,
				8DA97A962B23581100E7495A /* Int+SystemPriorities.swift in Sources */,
				93139F0DDF5880C3EAFA8A5D /* Transition+Start.swift in Sources */,
				93139F3F4BF404579411D473 /* Transition+InfoViews.swift in Sources */,
				931397073B11911E75B9BFA0 /* Creator+ShipControlQuadrants.swift in Sources */,
				93139C71990002FF2B995C07 /* Creator+ShipControlButtons.swift in Sources */,
				93139265D59A74E99D27A0CF /* Transition+GameOver.swift in Sources */,
				93139F78DDEA725367C42BFD /* Creator+CreateAsteroid.swift in Sources */,
				93139CB863A15BF4B1274D41 /* Creator+CreateShip.swift in Sources */,
				93139C6BCF2ED1CDD8504B1C /* Creator+CreateTorpedo.swift in Sources */,
				93139E5DCD4193CB19DDB025 /* Creator+CreatePowerUp.swift in Sources */,
				93139985E9931A3012A6B150 /* Creator+ToggleButton.swift in Sources */,
				931397BD1834CFFC21464D3F /* Transition+Playing.swift in Sources */,
				93139A8885E51A1D11E5F1D6 /* Creator+CreateHud.swift in Sources */,
				93139DB6913344090273397D /* String+EntityNames.swift in Sources */,
				931399FC0563308E45F415FF /* GameOverSystem.swift in Sources */,
				93139F4C2D7C76E0668F0B1C /* AllSoundsComponent.swift in Sources */,
				931399FEBA1404DE9F734910 /* MotionControlsComponent.swift in Sources */,
				931392BC342CBC595CB879B5 /* FlipComponent.swift in Sources */,
				93139F81F995E10AEE533513 /* LeftComponent.swift in Sources */,
				93139E3F25213600B5CECC6D /* RightComponent.swift in Sources */,
				931399C749E2BD0BE4E247A0 /* ApplyThrustComponent.swift in Sources */,
				93139837E8C25570F6134663 /* RepeatingAudioNode.swift in Sources */,
				93139BB63DB9036243796001 /* RepeatingAudioComponent.swift in Sources */,
				931397757ABDD3E731FEB69F /* RepeatingAudioSystem.swift in Sources */,
				93139859AA4017DC2A83652F /* Transition.swift in Sources */,
				931398B1CA8906CC519B170B /* HyperspaceEngineComponent.swift in Sources */,
				9313994EE65DC5F613776E1B /* PauseAlert.swift in Sources */,
				93139562CC6BB542C42A3493 /* LeftNode.swift in Sources */,
				931396A2070DB4DA286B21D7 /* RightNode.swift in Sources */,
				93139E9EAA1EF70B2FE63374 /* FlipNode.swift in Sources */,
				93139F441AD923E1149DA311 /* ThrustNode.swift in Sources */,
				93139D5194CC414BF7F76B99 /* LeftSystem.swift in Sources */,
				9313993F9DCFCC4F17AA7B21 /* RightSystem.swift in Sources */,
				93139BD1EDA3D1E9AEA9C1D4 /* ThrustSystem.swift in Sources */,
				93139DCDFD8DE5D48E8CB1BD /* FlipSystem.swift in Sources */,
			);
			runOnlyForDeploymentPostprocessing = 0;
		};
		8D384D8B2B28F30D00D5564C /* Sources */ = {
			isa = PBXSourcesBuildPhase;
			buildActionMask = 2147483647;
			files = (
				8D384D9B2B28F3F300D5564C /* AnimationTests.swift in Sources */,
				8DB99F5B2B2C9B4500C3593A /* TransitionAppStateSystemTests.swift in Sources */,
				8DB99F522B2BE7D700C3593A /* TestingAppDelegate.swift in Sources */,
				8DB99F572B2BE9EE00C3593A /* RenderSystemTests.swift in Sources */,
				8D384D9A2B28F3F300D5564C /* TorpedoAgeSystemTests.swift in Sources */,
				8DB99F592B2BF2A700C3593A /* GameOverSystemTests.swift in Sources */,
				93139BC5661C918BD0158277 /* HyperspaceSystemTests.swift in Sources */,
				8DB99F7B2B2E8BE400C3593A /* MovementSystemTests.swift in Sources */,
				93139999C782AFD3B2ACD018 /* TransitionTests.swift in Sources */,
				8D512A992B41B47D00C30AC7 /* AccelerometerSystemTests.swift in Sources */,
				931399BCC437F101AA0DA3CB /* HudSystemTests.swift in Sources */,
				93139F65DD1FA0CE5A373FB0 /* LeftSystemTests.swift in Sources */,
				93139F8A1021EE54E773A085 /* RightSystemTests.swift in Sources */,
				93139D10A3929204EC8DF9BF /* FlipSystemTest.swift in Sources */,
				93139EB726F6A591F339A9E1 /* ThrustSystemTests.swift in Sources */,
				9313927570EF98CB5DB23DCB /* NacelleSystemTest.swift in Sources */,
				93139113FFD9F17E28DA721A /* DeathThroesSystemTests.swift in Sources */,
				931394AC921BF3C3D7CABD13 /* FiringSystemTests.swift in Sources */,
			);
			runOnlyForDeploymentPostprocessing = 0;
		};
/* End PBXSourcesBuildPhase section */

/* Begin PBXTargetDependency section */
		8D384D942B28F30D00D5564C /* PBXTargetDependency */ = {
			isa = PBXTargetDependency;
			target = 8D23C1312B02C4CA00F7D878 /* Swashteroids */;
			targetProxy = 8D384D932B28F30D00D5564C /* PBXContainerItemProxy */;
		};
/* End PBXTargetDependency section */

/* Begin PBXVariantGroup section */
		8D23C1442B02C4CC00F7D878 /* LaunchScreen.storyboard */ = {
			isa = PBXVariantGroup;
			children = (
				8D23C1452B02C4CC00F7D878 /* Base */,
			);
			name = LaunchScreen.storyboard;
			sourceTree = "<group>";
		};
/* End PBXVariantGroup section */

/* Begin XCBuildConfiguration section */
		8D23C1472B02C4CC00F7D878 /* Debug */ = {
			isa = XCBuildConfiguration;
			buildSettings = {
				ALWAYS_SEARCH_USER_PATHS = NO;
				ASSETCATALOG_COMPILER_GENERATE_SWIFT_ASSET_SYMBOL_EXTENSIONS = YES;
				CLANG_ANALYZER_NONNULL = YES;
				CLANG_ANALYZER_NUMBER_OBJECT_CONVERSION = YES_AGGRESSIVE;
				CLANG_CXX_LANGUAGE_STANDARD = "gnu++20";
				CLANG_ENABLE_MODULES = YES;
				CLANG_ENABLE_OBJC_ARC = YES;
				CLANG_ENABLE_OBJC_WEAK = YES;
				CLANG_WARN_BLOCK_CAPTURE_AUTORELEASING = YES;
				CLANG_WARN_BOOL_CONVERSION = YES;
				CLANG_WARN_COMMA = YES;
				CLANG_WARN_CONSTANT_CONVERSION = YES;
				CLANG_WARN_DEPRECATED_OBJC_IMPLEMENTATIONS = YES;
				CLANG_WARN_DIRECT_OBJC_ISA_USAGE = YES_ERROR;
				CLANG_WARN_DOCUMENTATION_COMMENTS = YES;
				CLANG_WARN_EMPTY_BODY = YES;
				CLANG_WARN_ENUM_CONVERSION = YES;
				CLANG_WARN_INFINITE_RECURSION = YES;
				CLANG_WARN_INT_CONVERSION = YES;
				CLANG_WARN_NON_LITERAL_NULL_CONVERSION = YES;
				CLANG_WARN_OBJC_IMPLICIT_RETAIN_SELF = YES;
				CLANG_WARN_OBJC_LITERAL_CONVERSION = YES;
				CLANG_WARN_OBJC_ROOT_CLASS = YES_ERROR;
				CLANG_WARN_QUOTED_INCLUDE_IN_FRAMEWORK_HEADER = YES;
				CLANG_WARN_RANGE_LOOP_ANALYSIS = YES;
				CLANG_WARN_STRICT_PROTOTYPES = YES;
				CLANG_WARN_SUSPICIOUS_MOVE = YES;
				CLANG_WARN_UNGUARDED_AVAILABILITY = YES_AGGRESSIVE;
				CLANG_WARN_UNREACHABLE_CODE = YES;
				CLANG_WARN__DUPLICATE_METHOD_MATCH = YES;
				COPY_PHASE_STRIP = NO;
				DEBUG_INFORMATION_FORMAT = dwarf;
				ENABLE_STRICT_OBJC_MSGSEND = YES;
				ENABLE_TESTABILITY = YES;
				ENABLE_USER_SCRIPT_SANDBOXING = YES;
				GCC_C_LANGUAGE_STANDARD = gnu17;
				GCC_DYNAMIC_NO_PIC = NO;
				GCC_NO_COMMON_BLOCKS = YES;
				GCC_OPTIMIZATION_LEVEL = 0;
				GCC_PREPROCESSOR_DEFINITIONS = (
					"DEBUG=1",
					"$(inherited)",
				);
				GCC_WARN_64_TO_32_BIT_CONVERSION = YES;
				GCC_WARN_ABOUT_RETURN_TYPE = YES_ERROR;
				GCC_WARN_UNDECLARED_SELECTOR = YES;
				GCC_WARN_UNINITIALIZED_AUTOS = YES_AGGRESSIVE;
				GCC_WARN_UNUSED_FUNCTION = YES;
				GCC_WARN_UNUSED_VARIABLE = YES;
				IPHONEOS_DEPLOYMENT_TARGET = 16.4;
				LOCALIZATION_PREFERS_STRING_CATALOGS = YES;
				MTL_ENABLE_DEBUG_INFO = INCLUDE_SOURCE;
				MTL_FAST_MATH = YES;
				ONLY_ACTIVE_ARCH = YES;
				SDKROOT = iphoneos;
				SWIFT_ACTIVE_COMPILATION_CONDITIONS = "DEBUG $(inherited)";
				SWIFT_OPTIMIZATION_LEVEL = "-Onone";
			};
			name = Debug;
		};
		8D23C1482B02C4CC00F7D878 /* Release */ = {
			isa = XCBuildConfiguration;
			buildSettings = {
				ALWAYS_SEARCH_USER_PATHS = NO;
				ASSETCATALOG_COMPILER_GENERATE_SWIFT_ASSET_SYMBOL_EXTENSIONS = YES;
				CLANG_ANALYZER_NONNULL = YES;
				CLANG_ANALYZER_NUMBER_OBJECT_CONVERSION = YES_AGGRESSIVE;
				CLANG_CXX_LANGUAGE_STANDARD = "gnu++20";
				CLANG_ENABLE_MODULES = YES;
				CLANG_ENABLE_OBJC_ARC = YES;
				CLANG_ENABLE_OBJC_WEAK = YES;
				CLANG_WARN_BLOCK_CAPTURE_AUTORELEASING = YES;
				CLANG_WARN_BOOL_CONVERSION = YES;
				CLANG_WARN_COMMA = YES;
				CLANG_WARN_CONSTANT_CONVERSION = YES;
				CLANG_WARN_DEPRECATED_OBJC_IMPLEMENTATIONS = YES;
				CLANG_WARN_DIRECT_OBJC_ISA_USAGE = YES_ERROR;
				CLANG_WARN_DOCUMENTATION_COMMENTS = YES;
				CLANG_WARN_EMPTY_BODY = YES;
				CLANG_WARN_ENUM_CONVERSION = YES;
				CLANG_WARN_INFINITE_RECURSION = YES;
				CLANG_WARN_INT_CONVERSION = YES;
				CLANG_WARN_NON_LITERAL_NULL_CONVERSION = YES;
				CLANG_WARN_OBJC_IMPLICIT_RETAIN_SELF = YES;
				CLANG_WARN_OBJC_LITERAL_CONVERSION = YES;
				CLANG_WARN_OBJC_ROOT_CLASS = YES_ERROR;
				CLANG_WARN_QUOTED_INCLUDE_IN_FRAMEWORK_HEADER = YES;
				CLANG_WARN_RANGE_LOOP_ANALYSIS = YES;
				CLANG_WARN_STRICT_PROTOTYPES = YES;
				CLANG_WARN_SUSPICIOUS_MOVE = YES;
				CLANG_WARN_UNGUARDED_AVAILABILITY = YES_AGGRESSIVE;
				CLANG_WARN_UNREACHABLE_CODE = YES;
				CLANG_WARN__DUPLICATE_METHOD_MATCH = YES;
				COPY_PHASE_STRIP = NO;
				DEBUG_INFORMATION_FORMAT = "dwarf-with-dsym";
				ENABLE_NS_ASSERTIONS = NO;
				ENABLE_STRICT_OBJC_MSGSEND = YES;
				ENABLE_USER_SCRIPT_SANDBOXING = YES;
				GCC_C_LANGUAGE_STANDARD = gnu17;
				GCC_NO_COMMON_BLOCKS = YES;
				GCC_WARN_64_TO_32_BIT_CONVERSION = YES;
				GCC_WARN_ABOUT_RETURN_TYPE = YES_ERROR;
				GCC_WARN_UNDECLARED_SELECTOR = YES;
				GCC_WARN_UNINITIALIZED_AUTOS = YES_AGGRESSIVE;
				GCC_WARN_UNUSED_FUNCTION = YES;
				GCC_WARN_UNUSED_VARIABLE = YES;
				IPHONEOS_DEPLOYMENT_TARGET = 16.4;
				LOCALIZATION_PREFERS_STRING_CATALOGS = YES;
				MTL_ENABLE_DEBUG_INFO = NO;
				MTL_FAST_MATH = YES;
				SDKROOT = iphoneos;
				SWIFT_COMPILATION_MODE = wholemodule;
				VALIDATE_PRODUCT = YES;
			};
			name = Release;
		};
		8D23C14A2B02C4CC00F7D878 /* Debug */ = {
			isa = XCBuildConfiguration;
			buildSettings = {
				ASSETCATALOG_COMPILER_APPICON_NAME = AppIcon;
				ASSETCATALOG_COMPILER_GLOBAL_ACCENT_COLOR_NAME = AccentColor;
				CODE_SIGN_ENTITLEMENTS = Swashteroids/Swashteroids.entitlements;
				CODE_SIGN_STYLE = Automatic;
				CURRENT_PROJECT_VERSION = 52;
				DEVELOPMENT_TEAM = W8GR9TRDWE;
				GENERATE_INFOPLIST_FILE = YES;
				INFOPLIST_FILE = Swashteroids/Info.plist;
				INFOPLIST_KEY_CFBundleDisplayName = Swashteroids;
				INFOPLIST_KEY_LSApplicationCategoryType = "public.app-category.games";
				INFOPLIST_KEY_UIApplicationSupportsIndirectInputEvents = YES;
				INFOPLIST_KEY_UILaunchStoryboardName = LaunchScreen.storyboard;
				INFOPLIST_KEY_UIMainStoryboardFile = "";
				INFOPLIST_KEY_UIRequiresFullScreen = YES;
				INFOPLIST_KEY_UIStatusBarHidden = YES;
				INFOPLIST_KEY_UISupportedInterfaceOrientations = "UIInterfaceOrientationLandscapeLeft UIInterfaceOrientationLandscapeRight";
				LD_RUNPATH_SEARCH_PATHS = (
					"$(inherited)",
					"@executable_path/Frameworks",
				);
				MARKETING_VERSION = 2.1;
				PRODUCT_BUNDLE_IDENTIFIER = net.nyquist.Swashteroids;
				PRODUCT_NAME = "$(TARGET_NAME)";
				SWIFT_EMIT_LOC_STRINGS = YES;
				SWIFT_VERSION = 5.0;
				TARGETED_DEVICE_FAMILY = "1,2";
			};
			name = Debug;
		};
		8D23C14B2B02C4CC00F7D878 /* Release */ = {
			isa = XCBuildConfiguration;
			buildSettings = {
				ASSETCATALOG_COMPILER_APPICON_NAME = AppIcon;
				ASSETCATALOG_COMPILER_GLOBAL_ACCENT_COLOR_NAME = AccentColor;
				CODE_SIGN_ENTITLEMENTS = Swashteroids/Swashteroids.entitlements;
				CODE_SIGN_STYLE = Automatic;
				CURRENT_PROJECT_VERSION = 52;
				DEVELOPMENT_TEAM = W8GR9TRDWE;
				GENERATE_INFOPLIST_FILE = YES;
				INFOPLIST_FILE = Swashteroids/Info.plist;
				INFOPLIST_KEY_CFBundleDisplayName = Swashteroids;
				INFOPLIST_KEY_LSApplicationCategoryType = "public.app-category.games";
				INFOPLIST_KEY_UIApplicationSupportsIndirectInputEvents = YES;
				INFOPLIST_KEY_UILaunchStoryboardName = LaunchScreen.storyboard;
				INFOPLIST_KEY_UIMainStoryboardFile = "";
				INFOPLIST_KEY_UIRequiresFullScreen = YES;
				INFOPLIST_KEY_UIStatusBarHidden = YES;
				INFOPLIST_KEY_UISupportedInterfaceOrientations = "UIInterfaceOrientationLandscapeLeft UIInterfaceOrientationLandscapeRight";
				LD_RUNPATH_SEARCH_PATHS = (
					"$(inherited)",
					"@executable_path/Frameworks",
				);
				MARKETING_VERSION = 2.1;
				PRODUCT_BUNDLE_IDENTIFIER = net.nyquist.Swashteroids;
				PRODUCT_NAME = "$(TARGET_NAME)";
				SWIFT_EMIT_LOC_STRINGS = YES;
				SWIFT_VERSION = 5.0;
				TARGETED_DEVICE_FAMILY = "1,2";
			};
			name = Release;
		};
		8D384D962B28F30D00D5564C /* Debug */ = {
			isa = XCBuildConfiguration;
			buildSettings = {
				BUNDLE_LOADER = "$(TEST_HOST)";
				CODE_SIGN_STYLE = Automatic;
				CURRENT_PROJECT_VERSION = 1;
				DEVELOPMENT_TEAM = W8GR9TRDWE;
				GENERATE_INFOPLIST_FILE = YES;
				IPHONEOS_DEPLOYMENT_TARGET = 16.4;
				MARKETING_VERSION = 1.0;
				PRODUCT_BUNDLE_IDENTIFIER = net.nyquist.SwashteroidsTests;
				PRODUCT_NAME = "$(TARGET_NAME)";
				SUPPORTED_PLATFORMS = "iphoneos iphonesimulator";
				SUPPORTS_MACCATALYST = NO;
				SWIFT_EMIT_LOC_STRINGS = NO;
				SWIFT_VERSION = 5.0;
				TARGETED_DEVICE_FAMILY = "1,2";
				TEST_HOST = "$(BUILT_PRODUCTS_DIR)/Swashteroids.app/$(BUNDLE_EXECUTABLE_FOLDER_PATH)/Swashteroids";
			};
			name = Debug;
		};
		8D384D972B28F30D00D5564C /* Release */ = {
			isa = XCBuildConfiguration;
			buildSettings = {
				BUNDLE_LOADER = "$(TEST_HOST)";
				CODE_SIGN_STYLE = Automatic;
				CURRENT_PROJECT_VERSION = 1;
				DEVELOPMENT_TEAM = W8GR9TRDWE;
				GENERATE_INFOPLIST_FILE = YES;
				IPHONEOS_DEPLOYMENT_TARGET = 16.4;
				MARKETING_VERSION = 1.0;
				PRODUCT_BUNDLE_IDENTIFIER = net.nyquist.SwashteroidsTests;
				PRODUCT_NAME = "$(TARGET_NAME)";
				SUPPORTED_PLATFORMS = "iphoneos iphonesimulator";
				SUPPORTS_MACCATALYST = NO;
				SWIFT_EMIT_LOC_STRINGS = NO;
				SWIFT_VERSION = 5.0;
				TARGETED_DEVICE_FAMILY = "1,2";
				TEST_HOST = "$(BUILT_PRODUCTS_DIR)/Swashteroids.app/$(BUNDLE_EXECUTABLE_FOLDER_PATH)/Swashteroids";
			};
			name = Release;
		};
/* End XCBuildConfiguration section */

/* Begin XCConfigurationList section */
		8D23C12D2B02C4C900F7D878 /* Build configuration list for PBXProject "Swashteroids" */ = {
			isa = XCConfigurationList;
			buildConfigurations = (
				8D23C1472B02C4CC00F7D878 /* Debug */,
				8D23C1482B02C4CC00F7D878 /* Release */,
			);
			defaultConfigurationIsVisible = 0;
			defaultConfigurationName = Release;
		};
		8D23C1492B02C4CC00F7D878 /* Build configuration list for PBXNativeTarget "Swashteroids" */ = {
			isa = XCConfigurationList;
			buildConfigurations = (
				8D23C14A2B02C4CC00F7D878 /* Debug */,
				8D23C14B2B02C4CC00F7D878 /* Release */,
			);
			defaultConfigurationIsVisible = 0;
			defaultConfigurationName = Release;
		};
		8D384D952B28F30D00D5564C /* Build configuration list for PBXNativeTarget "SwashteroidsTests" */ = {
			isa = XCConfigurationList;
			buildConfigurations = (
				8D384D962B28F30D00D5564C /* Debug */,
				8D384D972B28F30D00D5564C /* Release */,
			);
			defaultConfigurationIsVisible = 0;
			defaultConfigurationName = Release;
		};
/* End XCConfigurationList section */

/* Begin XCRemoteSwiftPackageReference section */
		8D23C14C2B02C4E800F7D878 /* XCRemoteSwiftPackageReference "Swash" */ = {
			isa = XCRemoteSwiftPackageReference;
			repositoryURL = "https://github.com/johnrnyquist/Swash.git";
			requirement = {
				branch = main;
				kind = branch;
			};
		};
/* End XCRemoteSwiftPackageReference section */

/* Begin XCSwiftPackageProductDependency section */
		8D23C14D2B02C4E800F7D878 /* Swash */ = {
			isa = XCSwiftPackageProductDependency;
			package = 8D23C14C2B02C4E800F7D878 /* XCRemoteSwiftPackageReference "Swash" */;
			productName = Swash;
		};
/* End XCSwiftPackageProductDependency section */
	};
	rootObject = 8D23C12A2B02C4C900F7D878 /* Project object */;
}
